// !$*UTF8*$!
{
	archiveVersion = 1;
	classes = {
	};
	objectVersion = 55;
	objects = {

/* Begin PBXBuildFile section */
		004FD1E183A2F52A4913C9DB /* AppDelegate.swift in Sources */ = {isa = PBXBuildFile; fileRef = 7210F22777D23AD1713BCADE /* AppDelegate.swift */; };
		10D6323E222DA3C77CA796C9 /* LibraryA in Frameworks */ = {isa = PBXBuildFile; productRef = F4640A8C6D55D250B28FCBC8 /* LibraryA */; };
		1CA998C627766237F2232BEB /* LibraryA in Frameworks */ = {isa = PBXBuildFile; productRef = 8BA7F0EC84CBA29F4C673E3C /* LibraryA */; };
		2D54A5261F803900159CDF84 /* TuistAssets+WatchAppExtension.swift in Sources */ = {isa = PBXBuildFile; fileRef = 930F38C156D654373C87E001 /* TuistAssets+WatchAppExtension.swift */; };
		3D3ECC474BF75B3CC47857EF /* WatchApp.app in Embed Watch Content */ = {isa = PBXBuildFile; fileRef = 2A3B07624F7B6DE270912788 /* WatchApp.app */; settings = {ATTRIBUTES = (RemoveHeadersOnCopy, ); }; };
		5F74B5FCDF3D547CD16F40D5 /* ExtensionDelegate.swift in Sources */ = {isa = PBXBuildFile; fileRef = 77978B0885F2F5D6DFAB3FAA /* ExtensionDelegate.swift */; };
		70692FE968F65257A1AEEDC9 /* TuistBundle+WatchAppExtension.swift in Sources */ = {isa = PBXBuildFile; fileRef = 1357C8FA0D9055768D198F5F /* TuistBundle+WatchAppExtension.swift */; };
		7FD0A61A6D854714F8987DEE /* Interface.storyboard in Resources */ = {isa = PBXBuildFile; fileRef = 8FF49C6AD685455571256913 /* Interface.storyboard */; };
		D70749F97081A54DA30C9246 /* InterfaceController.swift in Sources */ = {isa = PBXBuildFile; fileRef = 4A1615A739A46FF4C7B27CB3 /* InterfaceController.swift */; };
		EEF17B25A73E625851DBB85E /* Assets.xcassets in Resources */ = {isa = PBXBuildFile; fileRef = BB4930C904EF9EFDA189981D /* Assets.xcassets */; };
		FB6DAF540D47D3416E7D94C8 /* Assets.xcassets in Resources */ = {isa = PBXBuildFile; fileRef = 69BB72743E26C3E324909579 /* Assets.xcassets */; };
		FDD942F1090AF96965D7003E /* WatchAppExtension.appex in Embed Foundation Extensions */ = {isa = PBXBuildFile; fileRef = 926DDE4EF63692E9F49B81B5 /* WatchAppExtension.appex */; settings = {ATTRIBUTES = (RemoveHeadersOnCopy, ); }; };
/* End PBXBuildFile section */

/* Begin PBXContainerItemProxy section */
		284E46357C5CC6DBA79BD31C /* PBXContainerItemProxy */ = {
			isa = PBXContainerItemProxy;
			containerPortal = 6B590BF25178DC7D824D09CE /* Project object */;
			proxyType = 1;
			remoteGlobalIDString = 606934868152F0D0C13285AE;
			remoteInfo = WatchApp;
		};
		D143F80ECC9BDF7EAD069F2C /* PBXContainerItemProxy */ = {
			isa = PBXContainerItemProxy;
			containerPortal = 6B590BF25178DC7D824D09CE /* Project object */;
			proxyType = 1;
			remoteGlobalIDString = 204DEE9C54CED33A670A2628;
			remoteInfo = WatchAppExtension;
		};
		FB69DC6CDE182B9F2724BE95 /* PBXContainerItemProxy */ = {
			isa = PBXContainerItemProxy;
			containerPortal = 6B590BF25178DC7D824D09CE /* Project object */;
			proxyType = 1;
			remoteGlobalIDString = 606934868152F0D0C13285AE;
			remoteInfo = WatchApp;
		};
/* End PBXContainerItemProxy section */

/* Begin PBXCopyFilesBuildPhase section */
		486B4543F5F75DE9936AAF7B /* Embed Frameworks */ = {
			isa = PBXCopyFilesBuildPhase;
			buildActionMask = 2147483647;
			dstPath = "";
			dstSubfolderSpec = 10;
			files = (
			);
			name = "Embed Frameworks";
			runOnlyForDeploymentPostprocessing = 0;
		};
		8EFDE6013C818852098745E7 /* Embed Frameworks */ = {
			isa = PBXCopyFilesBuildPhase;
			buildActionMask = 2147483647;
			dstPath = "";
			dstSubfolderSpec = 10;
			files = (
			);
			name = "Embed Frameworks";
			runOnlyForDeploymentPostprocessing = 0;
		};
		8F93263AAD4BD926B6588D2C /* Embed Frameworks */ = {
			isa = PBXCopyFilesBuildPhase;
			buildActionMask = 2147483647;
			dstPath = "";
			dstSubfolderSpec = 10;
			files = (
			);
			name = "Embed Frameworks";
			runOnlyForDeploymentPostprocessing = 0;
		};
		8FB70F68C37A7E71D356530E /* Embed Watch Content */ = {
			isa = PBXCopyFilesBuildPhase;
			buildActionMask = 2147483647;
			dstPath = "$(CONTENTS_FOLDER_PATH)/Watch";
			dstSubfolderSpec = 16;
			files = (
				3D3ECC474BF75B3CC47857EF /* WatchApp.app in Embed Watch Content */,
			);
			name = "Embed Watch Content";
			runOnlyForDeploymentPostprocessing = 0;
		};
		915178FA028BA5B327781B3D /* Embed Frameworks */ = {
			isa = PBXCopyFilesBuildPhase;
			buildActionMask = 2147483647;
			dstPath = "";
			dstSubfolderSpec = 10;
			files = (
			);
			name = "Embed Frameworks";
			runOnlyForDeploymentPostprocessing = 0;
		};
		F55C4EA72FC4E7CD579A4644 /* Embed Foundation Extensions */ = {
			isa = PBXCopyFilesBuildPhase;
			buildActionMask = 2147483647;
			dstSubfolderSpec = 13;
			files = (
				FDD942F1090AF96965D7003E /* WatchAppExtension.appex in Embed Foundation Extensions */,
			);
			name = "Embed Foundation Extensions";
			runOnlyForDeploymentPostprocessing = 0;
		};
/* End PBXCopyFilesBuildPhase section */

/* Begin PBXFileReference section */
		02F3FFC6B8E4B3F7BB10935E /* WatchApp-Info.plist */ = {isa = PBXFileReference; lastKnownFileType = text.plist; path = "WatchApp-Info.plist"; sourceTree = "<group>"; };
		1357C8FA0D9055768D198F5F /* TuistBundle+WatchAppExtension.swift */ = {isa = PBXFileReference; lastKnownFileType = sourcecode.swift; path = "TuistBundle+WatchAppExtension.swift"; sourceTree = "<group>"; };
		2A3B07624F7B6DE270912788 /* WatchApp.app */ = {isa = PBXFileReference; explicitFileType = wrapper.application; includeInIndex = 0; path = WatchApp.app; sourceTree = BUILT_PRODUCTS_DIR; };
		4A1615A739A46FF4C7B27CB3 /* InterfaceController.swift */ = {isa = PBXFileReference; lastKnownFileType = sourcecode.swift; path = InterfaceController.swift; sourceTree = "<group>"; };
		5511B0F01A050EFD7983CFC6 /* WatchAppUITests.xctest */ = {isa = PBXFileReference; explicitFileType = wrapper.cfbundle; includeInIndex = 0; path = WatchAppUITests.xctest; sourceTree = BUILT_PRODUCTS_DIR; };
		571E08A9083FD4334E4B7D06 /* App.app */ = {isa = PBXFileReference; explicitFileType = wrapper.application; includeInIndex = 0; path = App.app; sourceTree = BUILT_PRODUCTS_DIR; };
		5FC81DF4BE72B1CF4ADB984B /* Base */ = {isa = PBXFileReference; lastKnownFileType = file.storyboard; name = Base; path = Base.lproj/Interface.storyboard; sourceTree = "<group>"; };
		69BB72743E26C3E324909579 /* Assets.xcassets */ = {isa = PBXFileReference; lastKnownFileType = folder.assetcatalog; path = Assets.xcassets; sourceTree = "<group>"; };
		7210F22777D23AD1713BCADE /* AppDelegate.swift */ = {isa = PBXFileReference; lastKnownFileType = sourcecode.swift; path = AppDelegate.swift; sourceTree = "<group>"; };
		77978B0885F2F5D6DFAB3FAA /* ExtensionDelegate.swift */ = {isa = PBXFileReference; lastKnownFileType = sourcecode.swift; path = ExtensionDelegate.swift; sourceTree = "<group>"; };
		8EACC58862E608B4E269D943 /* WatchAppExtension-Info.plist */ = {isa = PBXFileReference; lastKnownFileType = text.plist; path = "WatchAppExtension-Info.plist"; sourceTree = "<group>"; };
		926DDE4EF63692E9F49B81B5 /* WatchAppExtension.appex */ = {isa = PBXFileReference; explicitFileType = "wrapper.app-extension"; includeInIndex = 0; path = WatchAppExtension.appex; sourceTree = BUILT_PRODUCTS_DIR; };
		930F38C156D654373C87E001 /* TuistAssets+WatchAppExtension.swift */ = {isa = PBXFileReference; lastKnownFileType = sourcecode.swift; path = "TuistAssets+WatchAppExtension.swift"; sourceTree = "<group>"; };
		9A4FC2FFDE00CBE1DEF9759A /* LibraryA */ = {isa = PBXFileReference; lastKnownFileType = folder; name = LibraryA; path = Packages/LibraryA; sourceTree = "<group>"; };
		B15C6B10F50CCC1026C24680 /* WatchAppUITests-Info.plist */ = {isa = PBXFileReference; lastKnownFileType = text.plist; path = "WatchAppUITests-Info.plist"; sourceTree = "<group>"; };
		BB4930C904EF9EFDA189981D /* Assets.xcassets */ = {isa = PBXFileReference; lastKnownFileType = folder.assetcatalog; path = Assets.xcassets; sourceTree = "<group>"; };
		E99EDEA590C0397A1AEE4A0B /* App-Info.plist */ = {isa = PBXFileReference; lastKnownFileType = text.plist; path = "App-Info.plist"; sourceTree = "<group>"; };
/* End PBXFileReference section */

/* Begin PBXFrameworksBuildPhase section */
		177F971789E49E8F5DCB2760 /* Frameworks */ = {
			isa = PBXFrameworksBuildPhase;
			buildActionMask = 2147483647;
			files = (
				10D6323E222DA3C77CA796C9 /* LibraryA in Frameworks */,
			);
			runOnlyForDeploymentPostprocessing = 0;
		};
		BC0DC3536DED64E0E8C9923E /* Frameworks */ = {
			isa = PBXFrameworksBuildPhase;
			buildActionMask = 2147483647;
			files = (
				1CA998C627766237F2232BEB /* LibraryA in Frameworks */,
			);
			runOnlyForDeploymentPostprocessing = 0;
		};
		BFB1AE5B44EA95A4499FEE8F /* Frameworks */ = {
			isa = PBXFrameworksBuildPhase;
			buildActionMask = 2147483647;
			files = (
			);
			runOnlyForDeploymentPostprocessing = 0;
		};
		C96F73252D5D27493893DC5F /* Frameworks */ = {
			isa = PBXFrameworksBuildPhase;
			buildActionMask = 2147483647;
			files = (
			);
			runOnlyForDeploymentPostprocessing = 0;
		};
/* End PBXFrameworksBuildPhase section */

/* Begin PBXGroup section */
		0C61103EBA7F1DA997055F39 /* WatchApp */ = {
			isa = PBXGroup;
			children = (
				8FF49C6AD685455571256913 /* Interface.storyboard */,
				BB4930C904EF9EFDA189981D /* Assets.xcassets */,
			);
			path = WatchApp;
			sourceTree = "<group>";
		};
		4102E3E068508DD683953C7D = {
			isa = PBXGroup;
			children = (
				E9C3DB3EC6D7655028A9C0D3 /* Products */,
				52611B11A5E6A7198C4E57A3 /* Project */,
				A09E2501204CB86B4B2B6562 /* Packages */,
			);
			sourceTree = "<group>";
		};
		52611B11A5E6A7198C4E57A3 /* Project */ = {
			isa = PBXGroup;
			children = (
				B3BCDE38B26B330C9A04FADE /* Derived */,
				858C4E433DBF0294DFED1B0C /* Sources */,
				6C6DBB80B98A810B8DE66254 /* Support */,
				0C61103EBA7F1DA997055F39 /* WatchApp */,
				E3FD19A64FE4B377B5FFB73F /* WatchAppExtension */,
			);
			name = Project;
			sourceTree = "<group>";
		};
		66EB57D721CBB7D427955C21 /* InfoPlists */ = {
			isa = PBXGroup;
			children = (
				02F3FFC6B8E4B3F7BB10935E /* WatchApp-Info.plist */,
				8EACC58862E608B4E269D943 /* WatchAppExtension-Info.plist */,
				B15C6B10F50CCC1026C24680 /* WatchAppUITests-Info.plist */,
			);
			path = InfoPlists;
			sourceTree = "<group>";
		};
		6C6DBB80B98A810B8DE66254 /* Support */ = {
			isa = PBXGroup;
			children = (
				E99EDEA590C0397A1AEE4A0B /* App-Info.plist */,
			);
			path = Support;
			sourceTree = "<group>";
		};
		858C4E433DBF0294DFED1B0C /* Sources */ = {
			isa = PBXGroup;
			children = (
				7210F22777D23AD1713BCADE /* AppDelegate.swift */,
			);
			path = Sources;
			sourceTree = "<group>";
		};
		8919B428B639C6AF4BBFE002 /* Sources */ = {
			isa = PBXGroup;
			children = (
				930F38C156D654373C87E001 /* TuistAssets+WatchAppExtension.swift */,
				1357C8FA0D9055768D198F5F /* TuistBundle+WatchAppExtension.swift */,
			);
			path = Sources;
			sourceTree = "<group>";
		};
		A09E2501204CB86B4B2B6562 /* Packages */ = {
			isa = PBXGroup;
			children = (
				9A4FC2FFDE00CBE1DEF9759A /* LibraryA */,
			);
			name = Packages;
			sourceTree = "<group>";
		};
		B3BCDE38B26B330C9A04FADE /* Derived */ = {
			isa = PBXGroup;
			children = (
				66EB57D721CBB7D427955C21 /* InfoPlists */,
				8919B428B639C6AF4BBFE002 /* Sources */,
			);
			path = Derived;
			sourceTree = "<group>";
		};
		E3FD19A64FE4B377B5FFB73F /* WatchAppExtension */ = {
			isa = PBXGroup;
			children = (
				69BB72743E26C3E324909579 /* Assets.xcassets */,
				77978B0885F2F5D6DFAB3FAA /* ExtensionDelegate.swift */,
				4A1615A739A46FF4C7B27CB3 /* InterfaceController.swift */,
			);
			path = WatchAppExtension;
			sourceTree = "<group>";
		};
		E9C3DB3EC6D7655028A9C0D3 /* Products */ = {
			isa = PBXGroup;
			children = (
				571E08A9083FD4334E4B7D06 /* App.app */,
				2A3B07624F7B6DE270912788 /* WatchApp.app */,
				926DDE4EF63692E9F49B81B5 /* WatchAppExtension.appex */,
				5511B0F01A050EFD7983CFC6 /* WatchAppUITests.xctest */,
			);
			name = Products;
			sourceTree = "<group>";
		};
/* End PBXGroup section */

/* Begin PBXNativeTarget section */
		204DEE9C54CED33A670A2628 /* WatchAppExtension */ = {
			isa = PBXNativeTarget;
			buildConfigurationList = 53A8FE12E4C27B7152662929 /* Build configuration list for PBXNativeTarget "WatchAppExtension" */;
			buildPhases = (
				01947D317FA30FFF4A598085 /* Sources */,
				02F26B9DB0730B9EC13C37D6 /* Resources */,
				177F971789E49E8F5DCB2760 /* Frameworks */,
				486B4543F5F75DE9936AAF7B /* Embed Frameworks */,
			);
			buildRules = (
			);
			dependencies = (
			);
			name = WatchAppExtension;
			packageProductDependencies = (
				F4640A8C6D55D250B28FCBC8 /* LibraryA */,
			);
			productName = WatchAppExtension;
			productReference = 926DDE4EF63692E9F49B81B5 /* WatchAppExtension.appex */;
			productType = "com.apple.product-type.watchkit2-extension";
		};
		3DDC34AE922B76B9D95DED22 /* WatchAppUITests */ = {
			isa = PBXNativeTarget;
			buildConfigurationList = 58EF16BEFBECBFD5B4D92FCB /* Build configuration list for PBXNativeTarget "WatchAppUITests" */;
			buildPhases = (
				24F7E9E88C814AC15BAB2B36 /* Sources */,
				BEB83873DCEBAC4ACD4401D7 /* Resources */,
				BFB1AE5B44EA95A4499FEE8F /* Frameworks */,
				915178FA028BA5B327781B3D /* Embed Frameworks */,
			);
			buildRules = (
			);
			dependencies = (
				3D47331386BAA7C8F5FEB57B /* PBXTargetDependency */,
			);
			name = WatchAppUITests;
			packageProductDependencies = (
			);
			productName = WatchAppUITests;
			productReference = 5511B0F01A050EFD7983CFC6 /* WatchAppUITests.xctest */;
			productType = "com.apple.product-type.bundle.ui-testing";
		};
		606934868152F0D0C13285AE /* WatchApp */ = {
			isa = PBXNativeTarget;
			buildConfigurationList = 5153912391B5ECEE7554B19B /* Build configuration list for PBXNativeTarget "WatchApp" */;
			buildPhases = (
				3C2E6EABEB89C7CEF2D509FE /* Resources */,
				F55C4EA72FC4E7CD579A4644 /* Embed Foundation Extensions */,
				C96F73252D5D27493893DC5F /* Frameworks */,
				8F93263AAD4BD926B6588D2C /* Embed Frameworks */,
			);
			buildRules = (
			);
			dependencies = (
				5E8040661BBB91C5F37E79E8 /* PBXTargetDependency */,
			);
			name = WatchApp;
			packageProductDependencies = (
			);
			productName = WatchApp;
			productReference = 2A3B07624F7B6DE270912788 /* WatchApp.app */;
			productType = "com.apple.product-type.application.watchapp2";
		};
		93E9E330FC2CE7458D9C925F /* App */ = {
			isa = PBXNativeTarget;
			buildConfigurationList = FFC1863BD4026D2C17CBE82B /* Build configuration list for PBXNativeTarget "App" */;
			buildPhases = (
				B77F0AF073564580D75A2CF1 /* Sources */,
				37BFF6A8CB5CC7FA21AD3FA3 /* Resources */,
				8FB70F68C37A7E71D356530E /* Embed Watch Content */,
				BC0DC3536DED64E0E8C9923E /* Frameworks */,
				8EFDE6013C818852098745E7 /* Embed Frameworks */,
			);
			buildRules = (
			);
			dependencies = (
				BDAABDD7BAA4378B84FB5546 /* PBXTargetDependency */,
			);
			name = App;
			packageProductDependencies = (
				8BA7F0EC84CBA29F4C673E3C /* LibraryA */,
			);
			productName = App;
			productReference = 571E08A9083FD4334E4B7D06 /* App.app */;
			productType = "com.apple.product-type.application";
		};
/* End PBXNativeTarget section */

/* Begin PBXProject section */
		6B590BF25178DC7D824D09CE /* Project object */ = {
			isa = PBXProject;
			attributes = {
				BuildIndependentTargetsInParallel = YES;
				TargetAttributes = {
					3DDC34AE922B76B9D95DED22 = {
						TestTargetID = 606934868152F0D0C13285AE;
					};
				};
			};
			buildConfigurationList = B3FD05C59F197F398A0B04AB /* Build configuration list for PBXProject "App" */;
			compatibilityVersion = "Xcode 14.0";
			developmentRegion = en;
			hasScannedForEncodings = 0;
			knownRegions = (
				Base,
				en,
			);
			mainGroup = 4102E3E068508DD683953C7D;
			packageReferences = (
				D43281E860C8FD21416B14A6 /* XCLocalSwiftPackageReference "Packages/LibraryA" */,
			);
			productRefGroup = E9C3DB3EC6D7655028A9C0D3 /* Products */;
			projectDirPath = "";
			projectRoot = "";
			targets = (
				93E9E330FC2CE7458D9C925F /* App */,
				606934868152F0D0C13285AE /* WatchApp */,
				204DEE9C54CED33A670A2628 /* WatchAppExtension */,
				3DDC34AE922B76B9D95DED22 /* WatchAppUITests */,
			);
		};
/* End PBXProject section */

/* Begin PBXResourcesBuildPhase section */
		02F26B9DB0730B9EC13C37D6 /* Resources */ = {
			isa = PBXResourcesBuildPhase;
			buildActionMask = 2147483647;
			files = (
				FB6DAF540D47D3416E7D94C8 /* Assets.xcassets in Resources */,
			);
			runOnlyForDeploymentPostprocessing = 0;
		};
		37BFF6A8CB5CC7FA21AD3FA3 /* Resources */ = {
			isa = PBXResourcesBuildPhase;
			buildActionMask = 2147483647;
			files = (
			);
			runOnlyForDeploymentPostprocessing = 0;
		};
		3C2E6EABEB89C7CEF2D509FE /* Resources */ = {
			isa = PBXResourcesBuildPhase;
			buildActionMask = 2147483647;
			files = (
				EEF17B25A73E625851DBB85E /* Assets.xcassets in Resources */,
				7FD0A61A6D854714F8987DEE /* Interface.storyboard in Resources */,
			);
			runOnlyForDeploymentPostprocessing = 0;
		};
		BEB83873DCEBAC4ACD4401D7 /* Resources */ = {
			isa = PBXResourcesBuildPhase;
			buildActionMask = 2147483647;
			files = (
			);
			runOnlyForDeploymentPostprocessing = 0;
		};
/* End PBXResourcesBuildPhase section */

/* Begin PBXSourcesBuildPhase section */
		01947D317FA30FFF4A598085 /* Sources */ = {
			isa = PBXSourcesBuildPhase;
			buildActionMask = 2147483647;
			files = (
				2D54A5261F803900159CDF84 /* TuistAssets+WatchAppExtension.swift in Sources */,
				70692FE968F65257A1AEEDC9 /* TuistBundle+WatchAppExtension.swift in Sources */,
				5F74B5FCDF3D547CD16F40D5 /* ExtensionDelegate.swift in Sources */,
				D70749F97081A54DA30C9246 /* InterfaceController.swift in Sources */,
			);
			runOnlyForDeploymentPostprocessing = 0;
		};
		24F7E9E88C814AC15BAB2B36 /* Sources */ = {
			isa = PBXSourcesBuildPhase;
			buildActionMask = 2147483647;
			files = (
			);
			runOnlyForDeploymentPostprocessing = 0;
		};
		B77F0AF073564580D75A2CF1 /* Sources */ = {
			isa = PBXSourcesBuildPhase;
			buildActionMask = 2147483647;
			files = (
				004FD1E183A2F52A4913C9DB /* AppDelegate.swift in Sources */,
			);
			runOnlyForDeploymentPostprocessing = 0;
		};
/* End PBXSourcesBuildPhase section */

/* Begin PBXTargetDependency section */
		3D47331386BAA7C8F5FEB57B /* PBXTargetDependency */ = {
			isa = PBXTargetDependency;
			name = WatchApp;
			target = 606934868152F0D0C13285AE /* WatchApp */;
			targetProxy = FB69DC6CDE182B9F2724BE95 /* PBXContainerItemProxy */;
		};
		5E8040661BBB91C5F37E79E8 /* PBXTargetDependency */ = {
			isa = PBXTargetDependency;
			name = WatchAppExtension;
			target = 204DEE9C54CED33A670A2628 /* WatchAppExtension */;
			targetProxy = D143F80ECC9BDF7EAD069F2C /* PBXContainerItemProxy */;
		};
		BDAABDD7BAA4378B84FB5546 /* PBXTargetDependency */ = {
			isa = PBXTargetDependency;
			name = WatchApp;
			target = 606934868152F0D0C13285AE /* WatchApp */;
			targetProxy = 284E46357C5CC6DBA79BD31C /* PBXContainerItemProxy */;
		};
/* End PBXTargetDependency section */

/* Begin PBXVariantGroup section */
		8FF49C6AD685455571256913 /* Interface.storyboard */ = {
			isa = PBXVariantGroup;
			children = (
				5FC81DF4BE72B1CF4ADB984B /* Base */,
			);
			name = Interface.storyboard;
			sourceTree = "<group>";
		};
/* End PBXVariantGroup section */

/* Begin XCBuildConfiguration section */
		0A958A8D83F3877022B160F7 /* Release */ = {
			isa = XCBuildConfiguration;
			buildSettings = {
				ASSETCATALOG_COMPILER_APPICON_NAME = AppIcon;
				ASSETCATALOG_COMPILER_GLOBAL_ACCENT_COLOR_NAME = AccentColor;
				ENABLE_PREVIEWS = YES;
				IBSC_MODULE = WatchAppExtension;
				INFOPLIST_FILE = "Derived/InfoPlists/WatchApp-Info.plist";
				LD_RUNPATH_SEARCH_PATHS = (
					"$(inherited)",
					"@executable_path/Frameworks",
				);
				PRODUCT_BUNDLE_IDENTIFIER = dev.tuist.App.watchkitapp;
				PRODUCT_NAME = WatchApp;
				SDKROOT = watchos;
				SKIP_INSTALL = YES;
				SWIFT_COMPILATION_MODE = wholemodule;
				SWIFT_OPTIMIZATION_LEVEL = "-O";
				SWIFT_VERSION = 5.0;
				TARGETED_DEVICE_FAMILY = 4;
			};
			name = Release;
		};
		120F627DE7A7F299301AFFE6 /* Release */ = {
			isa = XCBuildConfiguration;
			buildSettings = {
				INFOPLIST_FILE = "Derived/InfoPlists/WatchAppExtension-Info.plist";
				LD_RUNPATH_SEARCH_PATHS = (
					"$(inherited)",
					"@executable_path/Frameworks",
					"@executable_path/../../Frameworks",
				);
				OTHER_LDFLAGS = (
					"$(inherited)",
					"-L$(DT_TOOLCHAIN_DIR)/usr/lib/swift/$(PLATFORM_NAME)",
				);
				PRODUCT_BUNDLE_IDENTIFIER = dev.tuist.App.watchkitapp.watchkitextension;
				PRODUCT_NAME = WatchAppExtension;
				SDKROOT = watchos;
				SWIFT_COMPILATION_MODE = wholemodule;
				SWIFT_OPTIMIZATION_LEVEL = "-O";
				SWIFT_VERSION = 5.0;
				TARGETED_DEVICE_FAMILY = 4;
			};
			name = Release;
		};
		255EBEAFD03D8CD7A7B14495 /* Debug */ = {
			isa = XCBuildConfiguration;
			buildSettings = {
				INFOPLIST_FILE = "Derived/InfoPlists/WatchAppUITests-Info.plist";
				OTHER_LDFLAGS = (
					"$(inherited)",
					"-L$(DT_TOOLCHAIN_DIR)/usr/lib/swift/$(PLATFORM_NAME)",
				);
				PRODUCT_BUNDLE_IDENTIFIER = dev.tuist.App.watchkitapp.uitests;
				PRODUCT_NAME = WatchAppUITests;
				SDKROOT = watchos;
				SWIFT_ACTIVE_COMPILATION_CONDITIONS = (
					"$(inherited)",
					DEBUG,
				);
				SWIFT_COMPILATION_MODE = singlefile;
				SWIFT_OPTIMIZATION_LEVEL = "-Onone";
				SWIFT_VERSION = 5.0;
				TARGETED_DEVICE_FAMILY = 4;
				TEST_TARGET_NAME = WatchApp;
			};
			name = Debug;
		};
		4A0C935808978B5A7673E412 /* Debug */ = {
			isa = XCBuildConfiguration;
			buildSettings = {
				ASSETCATALOG_COMPILER_APPICON_NAME = AppIcon;
				ASSETCATALOG_COMPILER_GLOBAL_ACCENT_COLOR_NAME = AccentColor;
				CODE_SIGN_IDENTITY = "iPhone Developer";
				ENABLE_PREVIEWS = YES;
				INFOPLIST_FILE = "Support/App-Info.plist";
				LD_RUNPATH_SEARCH_PATHS = (
					"$(inherited)",
					"@executable_path/Frameworks",
				);
				OTHER_LDFLAGS = (
					"$(inherited)",
					"-L$(DT_TOOLCHAIN_DIR)/usr/lib/swift/$(PLATFORM_NAME)",
				);
				PRODUCT_BUNDLE_IDENTIFIER = dev.tuist.App;
				PRODUCT_NAME = App;
				SDKROOT = iphoneos;
				SUPPORTS_MACCATALYST = NO;
				SUPPORTS_MAC_DESIGNED_FOR_IPHONE_IPAD = YES;
				SUPPORTS_XR_DESIGNED_FOR_IPHONE_IPAD = NO;
				SWIFT_ACTIVE_COMPILATION_CONDITIONS = (
					"$(inherited)",
					DEBUG,
				);
				SWIFT_COMPILATION_MODE = singlefile;
				SWIFT_OPTIMIZATION_LEVEL = "-Onone";
				SWIFT_VERSION = 5.0;
				TARGETED_DEVICE_FAMILY = "1,2";
			};
			name = Debug;
		};
		5B95C1CB049E909C7CC80357 /* Debug */ = {
			isa = XCBuildConfiguration;
			buildSettings = {
				ASSETCATALOG_COMPILER_APPICON_NAME = AppIcon;
				ASSETCATALOG_COMPILER_GLOBAL_ACCENT_COLOR_NAME = AccentColor;
				ENABLE_PREVIEWS = YES;
				IBSC_MODULE = WatchAppExtension;
				INFOPLIST_FILE = "Derived/InfoPlists/WatchApp-Info.plist";
				LD_RUNPATH_SEARCH_PATHS = (
					"$(inherited)",
					"@executable_path/Frameworks",
				);
				PRODUCT_BUNDLE_IDENTIFIER = dev.tuist.App.watchkitapp;
				PRODUCT_NAME = WatchApp;
				SDKROOT = watchos;
				SKIP_INSTALL = YES;
				SWIFT_ACTIVE_COMPILATION_CONDITIONS = (
					"$(inherited)",
					DEBUG,
				);
				SWIFT_COMPILATION_MODE = singlefile;
				SWIFT_OPTIMIZATION_LEVEL = "-Onone";
				SWIFT_VERSION = 5.0;
				TARGETED_DEVICE_FAMILY = 4;
			};
			name = Debug;
		};
		5C9EF0E6AF4F9491454DE177 /* Release */ = {
			isa = XCBuildConfiguration;
			buildSettings = {
				ALWAYS_SEARCH_USER_PATHS = NO;
				CLANG_ANALYZER_LOCALIZABILITY_NONLOCALIZED = YES;
				CLANG_ANALYZER_NONNULL = YES;
				CLANG_ANALYZER_NUMBER_OBJECT_CONVERSION = YES_AGGRESSIVE;
				CLANG_CXX_LANGUAGE_STANDARD = "gnu++14";
				CLANG_CXX_LIBRARY = "libc++";
				CLANG_ENABLE_MODULES = YES;
				CLANG_ENABLE_OBJC_ARC = YES;
				CLANG_ENABLE_OBJC_WEAK = YES;
				CLANG_WARN_BLOCK_CAPTURE_AUTORELEASING = YES;
				CLANG_WARN_BOOL_CONVERSION = YES;
				CLANG_WARN_COMMA = YES;
				CLANG_WARN_CONSTANT_CONVERSION = YES;
				CLANG_WARN_DEPRECATED_OBJC_IMPLEMENTATIONS = YES;
				CLANG_WARN_DIRECT_OBJC_ISA_USAGE = YES_ERROR;
				CLANG_WARN_DOCUMENTATION_COMMENTS = YES;
				CLANG_WARN_EMPTY_BODY = YES;
				CLANG_WARN_ENUM_CONVERSION = YES;
				CLANG_WARN_INFINITE_RECURSION = YES;
				CLANG_WARN_INT_CONVERSION = YES;
				CLANG_WARN_NON_LITERAL_NULL_CONVERSION = YES;
				CLANG_WARN_OBJC_IMPLICIT_RETAIN_SELF = YES;
				CLANG_WARN_OBJC_LITERAL_CONVERSION = YES;
				CLANG_WARN_OBJC_ROOT_CLASS = YES_ERROR;
				CLANG_WARN_QUOTED_INCLUDE_IN_FRAMEWORK_HEADER = YES;
				CLANG_WARN_RANGE_LOOP_ANALYSIS = YES;
				CLANG_WARN_STRICT_PROTOTYPES = YES;
				CLANG_WARN_SUSPICIOUS_MOVE = YES;
				CLANG_WARN_UNGUARDED_AVAILABILITY = YES_AGGRESSIVE;
				CLANG_WARN_UNREACHABLE_CODE = YES;
				CLANG_WARN__DUPLICATE_METHOD_MATCH = YES;
				COPY_PHASE_STRIP = NO;
				DEAD_CODE_STRIPPING = YES;
				DEBUG_INFORMATION_FORMAT = "dwarf-with-dsym";
				ENABLE_NS_ASSERTIONS = NO;
				ENABLE_STRICT_OBJC_MSGSEND = YES;
				GCC_C_LANGUAGE_STANDARD = gnu11;
				GCC_NO_COMMON_BLOCKS = YES;
				GCC_WARN_64_TO_32_BIT_CONVERSION = YES;
				GCC_WARN_ABOUT_RETURN_TYPE = YES_ERROR;
				GCC_WARN_UNDECLARED_SELECTOR = YES;
				GCC_WARN_UNINITIALIZED_AUTOS = YES_AGGRESSIVE;
				GCC_WARN_UNUSED_FUNCTION = YES;
				GCC_WARN_UNUSED_VARIABLE = YES;
				MTL_ENABLE_DEBUG_INFO = NO;
				PRODUCT_NAME = "$(TARGET_NAME)";
				VALIDATE_PRODUCT = YES;
			};
			name = Release;
		};
		AD6877B4124BC22D6E30A26C /* Debug */ = {
			isa = XCBuildConfiguration;
			buildSettings = {
				INFOPLIST_FILE = "Derived/InfoPlists/WatchAppExtension-Info.plist";
				LD_RUNPATH_SEARCH_PATHS = (
					"$(inherited)",
					"@executable_path/Frameworks",
					"@executable_path/../../Frameworks",
				);
				OTHER_LDFLAGS = (
					"$(inherited)",
					"-L$(DT_TOOLCHAIN_DIR)/usr/lib/swift/$(PLATFORM_NAME)",
				);
				PRODUCT_BUNDLE_IDENTIFIER = dev.tuist.App.watchkitapp.watchkitextension;
				PRODUCT_NAME = WatchAppExtension;
				SDKROOT = watchos;
				SWIFT_ACTIVE_COMPILATION_CONDITIONS = (
					"$(inherited)",
					DEBUG,
				);
				SWIFT_COMPILATION_MODE = singlefile;
				SWIFT_OPTIMIZATION_LEVEL = "-Onone";
				SWIFT_VERSION = 5.0;
				TARGETED_DEVICE_FAMILY = 4;
			};
			name = Debug;
		};
		CF767A0EDD2D179CD5693E57 /* Release */ = {
			isa = XCBuildConfiguration;
			buildSettings = {
				INFOPLIST_FILE = "Derived/InfoPlists/WatchAppUITests-Info.plist";
				OTHER_LDFLAGS = (
					"$(inherited)",
					"-L$(DT_TOOLCHAIN_DIR)/usr/lib/swift/$(PLATFORM_NAME)",
				);
				PRODUCT_BUNDLE_IDENTIFIER = dev.tuist.App.watchkitapp.uitests;
				PRODUCT_NAME = WatchAppUITests;
				SDKROOT = watchos;
				SWIFT_COMPILATION_MODE = wholemodule;
				SWIFT_OPTIMIZATION_LEVEL = "-O";
				SWIFT_VERSION = 5.0;
				TARGETED_DEVICE_FAMILY = 4;
				TEST_TARGET_NAME = WatchApp;
			};
			name = Release;
		};
		EB1CC3A930E09FEBECF9195D /* Release */ = {
			isa = XCBuildConfiguration;
			buildSettings = {
				ASSETCATALOG_COMPILER_APPICON_NAME = AppIcon;
				ASSETCATALOG_COMPILER_GLOBAL_ACCENT_COLOR_NAME = AccentColor;
				CODE_SIGN_IDENTITY = "iPhone Developer";
				ENABLE_PREVIEWS = YES;
				INFOPLIST_FILE = "Support/App-Info.plist";
				LD_RUNPATH_SEARCH_PATHS = (
					"$(inherited)",
					"@executable_path/Frameworks",
				);
				OTHER_LDFLAGS = (
					"$(inherited)",
					"-L$(DT_TOOLCHAIN_DIR)/usr/lib/swift/$(PLATFORM_NAME)",
				);
				PRODUCT_BUNDLE_IDENTIFIER = dev.tuist.App;
				PRODUCT_NAME = App;
				SDKROOT = iphoneos;
				SUPPORTS_MACCATALYST = NO;
				SUPPORTS_MAC_DESIGNED_FOR_IPHONE_IPAD = YES;
				SUPPORTS_XR_DESIGNED_FOR_IPHONE_IPAD = NO;
				SWIFT_COMPILATION_MODE = wholemodule;
				SWIFT_OPTIMIZATION_LEVEL = "-O";
				SWIFT_VERSION = 5.0;
				TARGETED_DEVICE_FAMILY = "1,2";
			};
			name = Release;
		};
		F61063B78755D98B1B9C3697 /* Debug */ = {
			isa = XCBuildConfiguration;
			buildSettings = {
				ALWAYS_SEARCH_USER_PATHS = NO;
				CLANG_ANALYZER_LOCALIZABILITY_NONLOCALIZED = YES;
				CLANG_ANALYZER_NONNULL = YES;
				CLANG_ANALYZER_NUMBER_OBJECT_CONVERSION = YES_AGGRESSIVE;
				CLANG_CXX_LANGUAGE_STANDARD = "gnu++14";
				CLANG_CXX_LIBRARY = "libc++";
				CLANG_ENABLE_MODULES = YES;
				CLANG_ENABLE_OBJC_ARC = YES;
				CLANG_ENABLE_OBJC_WEAK = YES;
				CLANG_WARN_BLOCK_CAPTURE_AUTORELEASING = YES;
				CLANG_WARN_BOOL_CONVERSION = YES;
				CLANG_WARN_COMMA = YES;
				CLANG_WARN_CONSTANT_CONVERSION = YES;
				CLANG_WARN_DEPRECATED_OBJC_IMPLEMENTATIONS = YES;
				CLANG_WARN_DIRECT_OBJC_ISA_USAGE = YES_ERROR;
				CLANG_WARN_DOCUMENTATION_COMMENTS = YES;
				CLANG_WARN_EMPTY_BODY = YES;
				CLANG_WARN_ENUM_CONVERSION = YES;
				CLANG_WARN_INFINITE_RECURSION = YES;
				CLANG_WARN_INT_CONVERSION = YES;
				CLANG_WARN_NON_LITERAL_NULL_CONVERSION = YES;
				CLANG_WARN_OBJC_IMPLICIT_RETAIN_SELF = YES;
				CLANG_WARN_OBJC_LITERAL_CONVERSION = YES;
				CLANG_WARN_OBJC_ROOT_CLASS = YES_ERROR;
				CLANG_WARN_QUOTED_INCLUDE_IN_FRAMEWORK_HEADER = YES;
				CLANG_WARN_RANGE_LOOP_ANALYSIS = YES;
				CLANG_WARN_STRICT_PROTOTYPES = YES;
				CLANG_WARN_SUSPICIOUS_MOVE = YES;
				CLANG_WARN_UNGUARDED_AVAILABILITY = YES_AGGRESSIVE;
				CLANG_WARN_UNREACHABLE_CODE = YES;
				CLANG_WARN__DUPLICATE_METHOD_MATCH = YES;
				COPY_PHASE_STRIP = NO;
				DEAD_CODE_STRIPPING = YES;
				DEBUG_INFORMATION_FORMAT = dwarf;
				ENABLE_STRICT_OBJC_MSGSEND = YES;
				ENABLE_TESTABILITY = YES;
				GCC_C_LANGUAGE_STANDARD = gnu11;
				GCC_DYNAMIC_NO_PIC = NO;
				GCC_NO_COMMON_BLOCKS = YES;
				GCC_OPTIMIZATION_LEVEL = 0;
				GCC_PREPROCESSOR_DEFINITIONS = (
					"DEBUG=1",
					"$(inherited)",
				);
				GCC_WARN_64_TO_32_BIT_CONVERSION = YES;
				GCC_WARN_ABOUT_RETURN_TYPE = YES_ERROR;
				GCC_WARN_UNDECLARED_SELECTOR = YES;
				GCC_WARN_UNINITIALIZED_AUTOS = YES_AGGRESSIVE;
				GCC_WARN_UNUSED_FUNCTION = YES;
				GCC_WARN_UNUSED_VARIABLE = YES;
				MTL_ENABLE_DEBUG_INFO = YES;
				ONLY_ACTIVE_ARCH = YES;
				PRODUCT_NAME = "$(TARGET_NAME)";
			};
			name = Debug;
		};
/* End XCBuildConfiguration section */

/* Begin XCConfigurationList section */
		5153912391B5ECEE7554B19B /* Build configuration list for PBXNativeTarget "WatchApp" */ = {
			isa = XCConfigurationList;
			buildConfigurations = (
				5B95C1CB049E909C7CC80357 /* Debug */,
				0A958A8D83F3877022B160F7 /* Release */,
			);
			defaultConfigurationIsVisible = 0;
			defaultConfigurationName = Release;
		};
		53A8FE12E4C27B7152662929 /* Build configuration list for PBXNativeTarget "WatchAppExtension" */ = {
			isa = XCConfigurationList;
			buildConfigurations = (
				AD6877B4124BC22D6E30A26C /* Debug */,
				120F627DE7A7F299301AFFE6 /* Release */,
			);
			defaultConfigurationIsVisible = 0;
			defaultConfigurationName = Release;
		};
		58EF16BEFBECBFD5B4D92FCB /* Build configuration list for PBXNativeTarget "WatchAppUITests" */ = {
			isa = XCConfigurationList;
			buildConfigurations = (
				255EBEAFD03D8CD7A7B14495 /* Debug */,
				CF767A0EDD2D179CD5693E57 /* Release */,
			);
			defaultConfigurationIsVisible = 0;
			defaultConfigurationName = Release;
		};
		B3FD05C59F197F398A0B04AB /* Build configuration list for PBXProject "App" */ = {
			isa = XCConfigurationList;
			buildConfigurations = (
				F61063B78755D98B1B9C3697 /* Debug */,
				5C9EF0E6AF4F9491454DE177 /* Release */,
			);
			defaultConfigurationIsVisible = 0;
			defaultConfigurationName = Release;
		};
		FFC1863BD4026D2C17CBE82B /* Build configuration list for PBXNativeTarget "App" */ = {
			isa = XCConfigurationList;
			buildConfigurations = (
				4A0C935808978B5A7673E412 /* Debug */,
				EB1CC3A930E09FEBECF9195D /* Release */,
			);
			defaultConfigurationIsVisible = 0;
			defaultConfigurationName = Release;
		};
/* End XCConfigurationList section */

/* Begin XCLocalSwiftPackageReference section */
		D43281E860C8FD21416B14A6 /* XCLocalSwiftPackageReference "Packages/LibraryA" */ = {
			isa = XCLocalSwiftPackageReference;
			relativePath = Packages/LibraryA;
		};
/* End XCLocalSwiftPackageReference section */

/* Begin XCSwiftPackageProductDependency section */
		8BA7F0EC84CBA29F4C673E3C /* LibraryA */ = {
			isa = XCSwiftPackageProductDependency;
			productName = LibraryA;
		};
		F4640A8C6D55D250B28FCBC8 /* LibraryA */ = {
			isa = XCSwiftPackageProductDependency;
			productName = LibraryA;
		};
/* End XCSwiftPackageProductDependency section */
	};
	rootObject = 6B590BF25178DC7D824D09CE /* Project object */;
}
