// !$*UTF8*$!
{
	archiveVersion = 1;
	classes = {
	};
	objectVersion = 55;
	objects = {

/* Begin PBXBuildFile section */
		4C3E9CEBC8048FC3C5EFAEE2 /* D.framework in Frameworks */ = {isa = PBXBuildFile; fileRef = B7C4991B5307348918D74EA9 /* D.framework */; };
		736B225A79E959A6D046C4E0 /* D.framework in Frameworks */ = {isa = PBXBuildFile; fileRef = B7C4991B5307348918D74EA9 /* D.framework */; };
		A11242C2EEF3A86E6A8CD8ED /* C.swift in Sources */ = {isa = PBXBuildFile; fileRef = 273B67B885F4CC31415C7573 /* C.swift */; };
		A324642D9CBB2FE9819008BB /* C.framework in Frameworks */ = {isa = PBXBuildFile; fileRef = D608D53B4E39573622252E97 /* C.framework */; };
		F963CD28C5A4EC8901A32D21 /* CTests.swift in Sources */ = {isa = PBXBuildFile; fileRef = 92FD7637FA86109854F6B08F /* CTests.swift */; };
/* End PBXBuildFile section */

/* Begin PBXContainerItemProxy section */
		CD444AA498F016B507DFFB44 /* PBXContainerItemProxy */ = {
			isa = PBXContainerItemProxy;
			containerPortal = FDAE27AF61DC6715B2FD61A0 /* Project object */;
			proxyType = 1;
			remoteGlobalIDString = 657F3BF53E39887D0E8D8530;
			remoteInfo = C;
		};
/* End PBXContainerItemProxy section */

/* Begin PBXCopyFilesBuildPhase section */
		C644611CB4196B940986097A /* Embed Frameworks */ = {
			isa = PBXCopyFilesBuildPhase;
			buildActionMask = 2147483647;
			dstPath = "";
			dstSubfolderSpec = 10;
			files = (
			);
			name = "Embed Frameworks";
			runOnlyForDeploymentPostprocessing = 0;
		};
		D3CEE8A033FA67E3696FFB0A /* Embed Frameworks */ = {
			isa = PBXCopyFilesBuildPhase;
			buildActionMask = 2147483647;
			dstPath = "";
			dstSubfolderSpec = 10;
			files = (
			);
			name = "Embed Frameworks";
			runOnlyForDeploymentPostprocessing = 0;
		};
/* End PBXCopyFilesBuildPhase section */

/* Begin PBXFileReference section */
		273B67B885F4CC31415C7573 /* C.swift */ = {isa = PBXFileReference; lastKnownFileType = sourcecode.swift; path = C.swift; sourceTree = "<group>"; };
		59DB0D0826DB5ECDA23D951A /* Tests.plist */ = {isa = PBXFileReference; lastKnownFileType = text.plist; path = Tests.plist; sourceTree = "<group>"; };
		62BF914B12491635BA3C9B56 /* Info.plist */ = {isa = PBXFileReference; lastKnownFileType = text.plist; path = Info.plist; sourceTree = "<group>"; };
		92FD7637FA86109854F6B08F /* CTests.swift */ = {isa = PBXFileReference; lastKnownFileType = sourcecode.swift; path = CTests.swift; sourceTree = "<group>"; };
		B7C4991B5307348918D74EA9 /* D.framework */ = {isa = PBXFileReference; explicitFileType = wrapper.framework; includeInIndex = 0; path = D.framework; sourceTree = BUILT_PRODUCTS_DIR; };
		D608D53B4E39573622252E97 /* C.framework */ = {isa = PBXFileReference; explicitFileType = wrapper.framework; includeInIndex = 0; path = C.framework; sourceTree = BUILT_PRODUCTS_DIR; };
		FD1F1057429C86D86F2863BA /* CTests.xctest */ = {isa = PBXFileReference; explicitFileType = wrapper.cfbundle; includeInIndex = 0; path = CTests.xctest; sourceTree = BUILT_PRODUCTS_DIR; };
/* End PBXFileReference section */

/* Begin PBXFrameworksBuildPhase section */
		0811FDCB32C3C439B856B785 /* Frameworks */ = {
			isa = PBXFrameworksBuildPhase;
			buildActionMask = 2147483647;
			files = (
				736B225A79E959A6D046C4E0 /* D.framework in Frameworks */,
			);
			runOnlyForDeploymentPostprocessing = 0;
		};
		BC7B0E65A21199479669A341 /* Frameworks */ = {
			isa = PBXFrameworksBuildPhase;
			buildActionMask = 2147483647;
			files = (
				A324642D9CBB2FE9819008BB /* C.framework in Frameworks */,
				4C3E9CEBC8048FC3C5EFAEE2 /* D.framework in Frameworks */,
			);
			runOnlyForDeploymentPostprocessing = 0;
		};
/* End PBXFrameworksBuildPhase section */

/* Begin PBXGroup section */
		12B098B03C81FE8FB6885027 /* Tests */ = {
			isa = PBXGroup;
			children = (
				92FD7637FA86109854F6B08F /* CTests.swift */,
			);
			path = Tests;
			sourceTree = "<group>";
		};
		17782D7A4F76E828B413A4D8 /* Products */ = {
			isa = PBXGroup;
			children = (
				D608D53B4E39573622252E97 /* C.framework */,
				FD1F1057429C86D86F2863BA /* CTests.xctest */,
				B7C4991B5307348918D74EA9 /* D.framework */,
			);
			name = Products;
			sourceTree = "<group>";
		};
		45792C0A5C5A9A7B40A6460A = {
			isa = PBXGroup;
			children = (
				17782D7A4F76E828B413A4D8 /* Products */,
				8BBA884074B8F5DB51BE3141 /* Project */,
			);
			sourceTree = "<group>";
		};
		4C2C350103779141F38E78AE /* Sources */ = {
			isa = PBXGroup;
			children = (
				273B67B885F4CC31415C7573 /* C.swift */,
			);
			path = Sources;
			sourceTree = "<group>";
		};
		8BBA884074B8F5DB51BE3141 /* Project */ = {
			isa = PBXGroup;
			children = (
				4C2C350103779141F38E78AE /* Sources */,
				12B098B03C81FE8FB6885027 /* Tests */,
				62BF914B12491635BA3C9B56 /* Info.plist */,
				59DB0D0826DB5ECDA23D951A /* Tests.plist */,
			);
			name = Project;
			sourceTree = "<group>";
		};
/* End PBXGroup section */

/* Begin PBXNativeTarget section */
		657F3BF53E39887D0E8D8530 /* C */ = {
			isa = PBXNativeTarget;
			buildConfigurationList = 7290C1A31907872B5F9406D6 /* Build configuration list for PBXNativeTarget "C" */;
			buildPhases = (
				4134ACFB6E82693F9EC14E35 /* Sources */,
				8B7534E131922151C2018033 /* Resources */,
				0811FDCB32C3C439B856B785 /* Frameworks */,
				D3CEE8A033FA67E3696FFB0A /* Embed Frameworks */,
			);
			buildRules = (
			);
			dependencies = (
			);
			name = C;
			packageProductDependencies = (
			);
			productName = C;
			productReference = D608D53B4E39573622252E97 /* C.framework */;
			productType = "com.apple.product-type.framework";
		};
		809014DF3C2B01EF6EBF9BF8 /* CTests */ = {
			isa = PBXNativeTarget;
			buildConfigurationList = D2702B5F4BAE89DF992535D9 /* Build configuration list for PBXNativeTarget "CTests" */;
			buildPhases = (
				A468A709A2FC603DFCFC9004 /* Sources */,
				C803A847A8ACE05809E361ED /* Resources */,
				BC7B0E65A21199479669A341 /* Frameworks */,
				C644611CB4196B940986097A /* Embed Frameworks */,
			);
			buildRules = (
			);
			dependencies = (
				E43813684604F0740898C3F2 /* PBXTargetDependency */,
			);
			name = CTests;
			packageProductDependencies = (
			);
			productName = CTests;
			productReference = FD1F1057429C86D86F2863BA /* CTests.xctest */;
			productType = "com.apple.product-type.bundle.unit-test";
		};
/* End PBXNativeTarget section */

/* Begin PBXProject section */
		FDAE27AF61DC6715B2FD61A0 /* Project object */ = {
			isa = PBXProject;
			attributes = {
				BuildIndependentTargetsInParallel = YES;
				TargetAttributes = {
				};
			};
			buildConfigurationList = A67C802400180F21C1DA1EEC /* Build configuration list for PBXProject "C" */;
			compatibilityVersion = "Xcode 14.0";
			developmentRegion = en;
			hasScannedForEncodings = 0;
			knownRegions = (
				Base,
				en,
			);
			mainGroup = 45792C0A5C5A9A7B40A6460A;
			productRefGroup = 17782D7A4F76E828B413A4D8 /* Products */;
			projectDirPath = "";
			projectRoot = "";
			targets = (
				657F3BF53E39887D0E8D8530 /* C */,
				809014DF3C2B01EF6EBF9BF8 /* CTests */,
			);
		};
/* End PBXProject section */

/* Begin PBXResourcesBuildPhase section */
		8B7534E131922151C2018033 /* Resources */ = {
			isa = PBXResourcesBuildPhase;
			buildActionMask = 2147483647;
			files = (
			);
			runOnlyForDeploymentPostprocessing = 0;
		};
		C803A847A8ACE05809E361ED /* Resources */ = {
			isa = PBXResourcesBuildPhase;
			buildActionMask = 2147483647;
			files = (
			);
			runOnlyForDeploymentPostprocessing = 0;
		};
/* End PBXResourcesBuildPhase section */

/* Begin PBXSourcesBuildPhase section */
		4134ACFB6E82693F9EC14E35 /* Sources */ = {
			isa = PBXSourcesBuildPhase;
			buildActionMask = 2147483647;
			files = (
				A11242C2EEF3A86E6A8CD8ED /* C.swift in Sources */,
			);
			runOnlyForDeploymentPostprocessing = 0;
		};
		A468A709A2FC603DFCFC9004 /* Sources */ = {
			isa = PBXSourcesBuildPhase;
			buildActionMask = 2147483647;
			files = (
				F963CD28C5A4EC8901A32D21 /* CTests.swift in Sources */,
			);
			runOnlyForDeploymentPostprocessing = 0;
		};
/* End PBXSourcesBuildPhase section */

/* Begin PBXTargetDependency section */
		E43813684604F0740898C3F2 /* PBXTargetDependency */ = {
			isa = PBXTargetDependency;
			name = C;
			target = 657F3BF53E39887D0E8D8530 /* C */;
			targetProxy = CD444AA498F016B507DFFB44 /* PBXContainerItemProxy */;
		};
/* End PBXTargetDependency section */

/* Begin XCBuildConfiguration section */
		028725C7C3D2F8361DCD97D2 /* Debug */ = {
			isa = XCBuildConfiguration;
			buildSettings = {
				CODE_SIGN_IDENTITY = "";
				CURRENT_PROJECT_VERSION = 1;
				DEFINES_MODULE = YES;
				DYLIB_COMPATIBILITY_VERSION = 1;
				DYLIB_CURRENT_VERSION = 1;
				DYLIB_INSTALL_NAME_BASE = "@rpath";
				INFOPLIST_FILE = Info.plist;
				INSTALL_PATH = "$(LOCAL_LIBRARY_DIR)/Frameworks";
				LD_RUNPATH_SEARCH_PATHS = (
					"$(inherited)",
					"@executable_path/Frameworks",
					"@loader_path/Frameworks",
				);
				MACH_O_TYPE = staticlib;
				PRODUCT_BUNDLE_IDENTIFIER = dev.tuist.C;
				PRODUCT_NAME = C;
				SDKROOT = iphoneos;
				SKIP_INSTALL = YES;
				SUPPORTS_MACCATALYST = NO;
				SUPPORTS_MAC_DESIGNED_FOR_IPHONE_IPAD = YES;
				SUPPORTS_XR_DESIGNED_FOR_IPHONE_IPAD = NO;
				SWIFT_ACTIVE_COMPILATION_CONDITIONS = (
					"$(inherited)",
					DEBUG,
				);
				SWIFT_COMPILATION_MODE = singlefile;
				SWIFT_OPTIMIZATION_LEVEL = "-Onone";
				SWIFT_VERSION = 5.0;
				TARGETED_DEVICE_FAMILY = "1,2";
				VERSIONING_SYSTEM = "apple-generic";
				VERSION_INFO_PREFIX = "";
			};
			name = Debug;
		};
		198D5560632B0259A26D9063 /* Release */ = {
			isa = XCBuildConfiguration;
			buildSettings = {
				CODE_SIGN_IDENTITY = "";
				CURRENT_PROJECT_VERSION = 1;
				DEFINES_MODULE = YES;
				DYLIB_COMPATIBILITY_VERSION = 1;
				DYLIB_CURRENT_VERSION = 1;
				DYLIB_INSTALL_NAME_BASE = "@rpath";
				INFOPLIST_FILE = Info.plist;
				INSTALL_PATH = "$(LOCAL_LIBRARY_DIR)/Frameworks";
				LD_RUNPATH_SEARCH_PATHS = (
					"$(inherited)",
					"@executable_path/Frameworks",
					"@loader_path/Frameworks",
				);
				MACH_O_TYPE = staticlib;
				PRODUCT_BUNDLE_IDENTIFIER = dev.tuist.C;
				PRODUCT_NAME = C;
				SDKROOT = iphoneos;
				SKIP_INSTALL = YES;
				SUPPORTS_MACCATALYST = NO;
				SUPPORTS_MAC_DESIGNED_FOR_IPHONE_IPAD = YES;
				SUPPORTS_XR_DESIGNED_FOR_IPHONE_IPAD = NO;
				SWIFT_COMPILATION_MODE = wholemodule;
				SWIFT_OPTIMIZATION_LEVEL = "-O";
				SWIFT_VERSION = 5.0;
				TARGETED_DEVICE_FAMILY = "1,2";
				VERSIONING_SYSTEM = "apple-generic";
				VERSION_INFO_PREFIX = "";
			};
			name = Release;
		};
		67B32A66388045A5EA056D4D /* Debug */ = {
			isa = XCBuildConfiguration;
			buildSettings = {
				ALWAYS_SEARCH_USER_PATHS = NO;
				CLANG_ANALYZER_LOCALIZABILITY_NONLOCALIZED = YES;
				CLANG_ANALYZER_NONNULL = YES;
				CLANG_ANALYZER_NUMBER_OBJECT_CONVERSION = YES_AGGRESSIVE;
				CLANG_CXX_LANGUAGE_STANDARD = "gnu++14";
				CLANG_CXX_LIBRARY = "libc++";
				CLANG_ENABLE_MODULES = YES;
				CLANG_ENABLE_OBJC_ARC = YES;
				CLANG_ENABLE_OBJC_WEAK = YES;
				CLANG_WARN_BLOCK_CAPTURE_AUTORELEASING = YES;
				CLANG_WARN_BOOL_CONVERSION = YES;
				CLANG_WARN_COMMA = YES;
				CLANG_WARN_CONSTANT_CONVERSION = YES;
				CLANG_WARN_DEPRECATED_OBJC_IMPLEMENTATIONS = YES;
				CLANG_WARN_DIRECT_OBJC_ISA_USAGE = YES_ERROR;
				CLANG_WARN_DOCUMENTATION_COMMENTS = YES;
				CLANG_WARN_EMPTY_BODY = YES;
				CLANG_WARN_ENUM_CONVERSION = YES;
				CLANG_WARN_INFINITE_RECURSION = YES;
				CLANG_WARN_INT_CONVERSION = YES;
				CLANG_WARN_NON_LITERAL_NULL_CONVERSION = YES;
				CLANG_WARN_OBJC_IMPLICIT_RETAIN_SELF = YES;
				CLANG_WARN_OBJC_LITERAL_CONVERSION = YES;
				CLANG_WARN_OBJC_ROOT_CLASS = YES_ERROR;
				CLANG_WARN_QUOTED_INCLUDE_IN_FRAMEWORK_HEADER = YES;
				CLANG_WARN_RANGE_LOOP_ANALYSIS = YES;
				CLANG_WARN_STRICT_PROTOTYPES = YES;
				CLANG_WARN_SUSPICIOUS_MOVE = YES;
				CLANG_WARN_UNGUARDED_AVAILABILITY = YES_AGGRESSIVE;
				CLANG_WARN_UNREACHABLE_CODE = YES;
				CLANG_WARN__DUPLICATE_METHOD_MATCH = YES;
				COPY_PHASE_STRIP = NO;
				DEAD_CODE_STRIPPING = YES;
				DEBUG_INFORMATION_FORMAT = dwarf;
				ENABLE_STRICT_OBJC_MSGSEND = YES;
				ENABLE_TESTABILITY = YES;
				GCC_C_LANGUAGE_STANDARD = gnu11;
				GCC_DYNAMIC_NO_PIC = NO;
				GCC_NO_COMMON_BLOCKS = YES;
				GCC_OPTIMIZATION_LEVEL = 0;
				GCC_PREPROCESSOR_DEFINITIONS = (
					"DEBUG=1",
					"$(inherited)",
				);
				GCC_WARN_64_TO_32_BIT_CONVERSION = YES;
				GCC_WARN_ABOUT_RETURN_TYPE = YES_ERROR;
				GCC_WARN_UNDECLARED_SELECTOR = YES;
				GCC_WARN_UNINITIALIZED_AUTOS = YES_AGGRESSIVE;
				GCC_WARN_UNUSED_FUNCTION = YES;
				GCC_WARN_UNUSED_VARIABLE = YES;
				MTL_ENABLE_DEBUG_INFO = YES;
				ONLY_ACTIVE_ARCH = YES;
				PRODUCT_NAME = "$(TARGET_NAME)";
			};
			name = Debug;
		};
		6CF10EA3F6117786F81368AE /* Release */ = {
			isa = XCBuildConfiguration;
			buildSettings = {
				CODE_SIGN_IDENTITY = "iPhone Developer";
				INFOPLIST_FILE = Tests.plist;
				LD_RUNPATH_SEARCH_PATHS = (
					"$(inherited)",
					"@executable_path/Frameworks",
					"@loader_path/Frameworks",
				);
				OTHER_LDFLAGS = (
					"$(inherited)",
					"-L$(DT_TOOLCHAIN_DIR)/usr/lib/swift/$(PLATFORM_NAME)",
				);
				PRODUCT_BUNDLE_IDENTIFIER = dev.tuist.CTests;
				PRODUCT_NAME = CTests;
				SDKROOT = iphoneos;
				SUPPORTS_MACCATALYST = NO;
				SUPPORTS_MAC_DESIGNED_FOR_IPHONE_IPAD = YES;
				SUPPORTS_XR_DESIGNED_FOR_IPHONE_IPAD = NO;
				SWIFT_COMPILATION_MODE = wholemodule;
				SWIFT_OPTIMIZATION_LEVEL = "-O";
				SWIFT_VERSION = 5.0;
				TARGETED_DEVICE_FAMILY = "1,2";
			};
			name = Release;
		};
		7C2C73B6BF54828922C9B55F /* Debug */ = {
			isa = XCBuildConfiguration;
			buildSettings = {
				CODE_SIGN_IDENTITY = "iPhone Developer";
				INFOPLIST_FILE = Tests.plist;
				LD_RUNPATH_SEARCH_PATHS = (
					"$(inherited)",
					"@executable_path/Frameworks",
					"@loader_path/Frameworks",
				);
				OTHER_LDFLAGS = (
					"$(inherited)",
					"-L$(DT_TOOLCHAIN_DIR)/usr/lib/swift/$(PLATFORM_NAME)",
				);
				PRODUCT_BUNDLE_IDENTIFIER = dev.tuist.CTests;
				PRODUCT_NAME = CTests;
				SDKROOT = iphoneos;
				SUPPORTS_MACCATALYST = NO;
				SUPPORTS_MAC_DESIGNED_FOR_IPHONE_IPAD = YES;
				SUPPORTS_XR_DESIGNED_FOR_IPHONE_IPAD = NO;
				SWIFT_ACTIVE_COMPILATION_CONDITIONS = (
					"$(inherited)",
					DEBUG,
				);
				SWIFT_COMPILATION_MODE = singlefile;
				SWIFT_OPTIMIZATION_LEVEL = "-Onone";
				SWIFT_VERSION = 5.0;
				TARGETED_DEVICE_FAMILY = "1,2";
			};
			name = Debug;
		};
		BDEDA1280C6EBB2992686BD7 /* Release */ = {
			isa = XCBuildConfiguration;
			buildSettings = {
				ALWAYS_SEARCH_USER_PATHS = NO;
				CLANG_ANALYZER_LOCALIZABILITY_NONLOCALIZED = YES;
				CLANG_ANALYZER_NONNULL = YES;
				CLANG_ANALYZER_NUMBER_OBJECT_CONVERSION = YES_AGGRESSIVE;
				CLANG_CXX_LANGUAGE_STANDARD = "gnu++14";
				CLANG_CXX_LIBRARY = "libc++";
				CLANG_ENABLE_MODULES = YES;
				CLANG_ENABLE_OBJC_ARC = YES;
				CLANG_ENABLE_OBJC_WEAK = YES;
				CLANG_WARN_BLOCK_CAPTURE_AUTORELEASING = YES;
				CLANG_WARN_BOOL_CONVERSION = YES;
				CLANG_WARN_COMMA = YES;
				CLANG_WARN_CONSTANT_CONVERSION = YES;
				CLANG_WARN_DEPRECATED_OBJC_IMPLEMENTATIONS = YES;
				CLANG_WARN_DIRECT_OBJC_ISA_USAGE = YES_ERROR;
				CLANG_WARN_DOCUMENTATION_COMMENTS = YES;
				CLANG_WARN_EMPTY_BODY = YES;
				CLANG_WARN_ENUM_CONVERSION = YES;
				CLANG_WARN_INFINITE_RECURSION = YES;
				CLANG_WARN_INT_CONVERSION = YES;
				CLANG_WARN_NON_LITERAL_NULL_CONVERSION = YES;
				CLANG_WARN_OBJC_IMPLICIT_RETAIN_SELF = YES;
				CLANG_WARN_OBJC_LITERAL_CONVERSION = YES;
				CLANG_WARN_OBJC_ROOT_CLASS = YES_ERROR;
				CLANG_WARN_QUOTED_INCLUDE_IN_FRAMEWORK_HEADER = YES;
				CLANG_WARN_RANGE_LOOP_ANALYSIS = YES;
				CLANG_WARN_STRICT_PROTOTYPES = YES;
				CLANG_WARN_SUSPICIOUS_MOVE = YES;
				CLANG_WARN_UNGUARDED_AVAILABILITY = YES_AGGRESSIVE;
				CLANG_WARN_UNREACHABLE_CODE = YES;
				CLANG_WARN__DUPLICATE_METHOD_MATCH = YES;
				COPY_PHASE_STRIP = NO;
				DEAD_CODE_STRIPPING = YES;
				DEBUG_INFORMATION_FORMAT = "dwarf-with-dsym";
				ENABLE_NS_ASSERTIONS = NO;
				ENABLE_STRICT_OBJC_MSGSEND = YES;
				GCC_C_LANGUAGE_STANDARD = gnu11;
				GCC_NO_COMMON_BLOCKS = YES;
				GCC_WARN_64_TO_32_BIT_CONVERSION = YES;
				GCC_WARN_ABOUT_RETURN_TYPE = YES_ERROR;
				GCC_WARN_UNDECLARED_SELECTOR = YES;
				GCC_WARN_UNINITIALIZED_AUTOS = YES_AGGRESSIVE;
				GCC_WARN_UNUSED_FUNCTION = YES;
				GCC_WARN_UNUSED_VARIABLE = YES;
				MTL_ENABLE_DEBUG_INFO = NO;
				PRODUCT_NAME = "$(TARGET_NAME)";
				VALIDATE_PRODUCT = YES;
			};
			name = Release;
		};
/* End XCBuildConfiguration section */

/* Begin XCConfigurationList section */
		7290C1A31907872B5F9406D6 /* Build configuration list for PBXNativeTarget "C" */ = {
			isa = XCConfigurationList;
			buildConfigurations = (
				028725C7C3D2F8361DCD97D2 /* Debug */,
				198D5560632B0259A26D9063 /* Release */,
			);
			defaultConfigurationIsVisible = 0;
			defaultConfigurationName = Release;
		};
		A67C802400180F21C1DA1EEC /* Build configuration list for PBXProject "C" */ = {
			isa = XCConfigurationList;
			buildConfigurations = (
				67B32A66388045A5EA056D4D /* Debug */,
				BDEDA1280C6EBB2992686BD7 /* Release */,
			);
			defaultConfigurationIsVisible = 0;
			defaultConfigurationName = Release;
		};
		D2702B5F4BAE89DF992535D9 /* Build configuration list for PBXNativeTarget "CTests" */ = {
			isa = XCConfigurationList;
			buildConfigurations = (
				7C2C73B6BF54828922C9B55F /* Debug */,
				6CF10EA3F6117786F81368AE /* Release */,
			);
			defaultConfigurationIsVisible = 0;
			defaultConfigurationName = Release;
		};
/* End XCConfigurationList section */
	};
	rootObject = FDAE27AF61DC6715B2FD61A0 /* Project object */;
}
