# This file is automatically @generated by Cargo.
# It is not intended for manual editing.
version = 4

[[package]]
name = "anstream"
version = "1.0.0"
source = "registry+https://github.com/rust-lang/crates.io-index"
checksum = "824a212faf96e9acacdbd09febd34438f8f711fb84e09a8916013cd7815ca28d"
dependencies = [
 "anstyle",
 "anstyle-parse",
 "anstyle-query",
 "anstyle-wincon",
 "colorchoice",
 "is_terminal_polyfill",
 "utf8parse",
]

[[package]]
name = "anstyle"
version = "1.0.14"
source = "registry+https://github.com/rust-lang/crates.io-index"
checksum = "940b3a0ca603d1eade50a4846a2afffd5ef57a9feac2c0e2ec2e14f9ead76000"

[[package]]
name = "anstyle-parse"
version = "1.0.0"
source = "registry+https://github.com/rust-lang/crates.io-index"
checksum = "52ce7f38b242319f7cabaa6813055467063ecdc9d355bbb4ce0c68908cd8130e"
dependencies = [
 "utf8parse",
]

[[package]]
name = "anstyle-query"
version = "1.1.5"
source = "registry+https://github.com/rust-lang/crates.io-index"
checksum = "40c48f72fd53cd289104fc64099abca73db4166ad86ea0b4341abe65af83dadc"
dependencies = [
 "windows-sys 0.61.2",
]

[[package]]
name = "anstyle-wincon"
version = "3.0.11"
source = "registry+https://github.com/rust-lang/crates.io-index"
checksum = "291e6a250ff86cd4a820112fb8898808a366d8f9f58ce16d1f538353ad55747d"
dependencies = [
 "anstyle",
 "once_cell_polyfill",
 "windows-sys 0.61.2",
]

[[package]]
name = "bitflags"
version = "2.11.1"
source = "registry+https://github.com/rust-lang/crates.io-index"
checksum = "c4512299f36f043ab09a583e57bceb5a5aab7a73db1805848e8fef3c9e8c78b3"

[[package]]
name = "cfg-if"
version = "1.0.4"
source = "registry+https://github.com/rust-lang/crates.io-index"
checksum = "9330f8b2ff13f34540b44e946ef35111825727b38d33286ef986142615121801"

[[package]]
name = "clap"
version = "4.6.1"
source = "registry+https://github.com/rust-lang/crates.io-index"
checksum = "1ddb117e43bbf7dacf0a4190fef4d345b9bad68dfc649cb349e7d17d28428e51"
dependencies = [
 "clap_builder",
 "clap_derive",
]

[[package]]
name = "clap_builder"
version = "4.6.0"
source = "registry+https://github.com/rust-lang/crates.io-index"
checksum = "714a53001bf66416adb0e2ef5ac857140e7dc3a0c48fb28b2f10762fc4b5069f"
dependencies = [
 "anstream",
 "anstyle",
 "clap_lex",
 "strsim",
]

[[package]]
name = "clap_complete"
version = "4.6.5"
source = "registry+https://github.com/rust-lang/crates.io-index"
checksum = "e0a7a9bfdb35811f9e59832f0f05975114d2251b415fb534108e6f34060fd772"
dependencies = [
 "clap",
]

[[package]]
name = "clap_derive"
version = "4.6.1"
source = "registry+https://github.com/rust-lang/crates.io-index"
checksum = "f2ce8604710f6733aa641a2b3731eaa1e8b3d9973d5e3565da11800813f997a9"
dependencies = [
 "heck",
 "proc-macro2",
 "quote",
 "syn",
]

[[package]]
name = "clap_lex"
version = "1.1.0"
source = "registry+https://github.com/rust-lang/crates.io-index"
checksum = "c8d4a3bb8b1e0c1050499d1815f5ab16d04f0959b233085fb31653fbfc9d98f9"

[[package]]
name = "colorchoice"
version = "1.0.5"
source = "registry+https://github.com/rust-lang/crates.io-index"
checksum = "1d07550c9036bf2ae0c684c4297d503f838287c83c53686d05370d0e139ae570"

[[package]]
name = "console"
version = "0.15.11"
source = "registry+https://github.com/rust-lang/crates.io-index"
checksum = "054ccb5b10f9f2cbf51eb355ca1d05c2d279ce1804688d0db74b4733a5aeafd8"
dependencies = [
 "encode_unicode",
 "libc",
 "once_cell",
 "unicode-width",
 "windows-sys 0.59.0",
]

[[package]]
name = "convert_case"
version = "0.11.0"
source = "registry+https://github.com/rust-lang/crates.io-index"
checksum = "affbf0190ed2caf063e3def54ff444b449371d55c58e513a95ab98eca50adb49"
dependencies = [
 "unicode-segmentation",
]

[[package]]
name = "ctor"
version = "1.0.7"
source = "registry+https://github.com/rust-lang/crates.io-index"
checksum = "01334b89b69ff726750c5ce5073fc8bd860e99aa9a8fc5ca11b04730e3aee97a"

[[package]]
name = "dialoguer"
version = "0.11.0"
source = "registry+https://github.com/rust-lang/crates.io-index"
checksum = "658bce805d770f407bc62102fca7c2c64ceef2fbcb2b8bd19d2765ce093980de"
dependencies = [
 "console",
 "fuzzy-matcher",
 "shell-words",
 "thiserror",
]

[[package]]
name = "encode_unicode"
version = "1.0.0"
source = "registry+https://github.com/rust-lang/crates.io-index"
checksum = "34aa73646ffb006b8f5147f3dc182bd4bcb190227ce861fc4a4844bf8e3cb2c0"

[[package]]
name = "equivalent"
version = "1.0.2"
source = "registry+https://github.com/rust-lang/crates.io-index"
checksum = "877a4ace8713b0bcf2a4e7eec82529c029f1d0619886d18145fea96c3ffe5c0f"

[[package]]
name = "futures"
version = "0.3.32"
source = "registry+https://github.com/rust-lang/crates.io-index"
checksum = "8b147ee9d1f6d097cef9ce628cd2ee62288d963e16fb287bd9286455b241382d"
dependencies = [
 "futures-channel",
 "futures-core",
 "futures-executor",
 "futures-io",
 "futures-sink",
 "futures-task",
 "futures-util",
]

[[package]]
name = "futures-channel"
version = "0.3.32"
source = "registry+https://github.com/rust-lang/crates.io-index"
checksum = "07bbe89c50d7a535e539b8c17bc0b49bdb77747034daa8087407d655f3f7cc1d"
dependencies = [
 "futures-core",
 "futures-sink",
]

[[package]]
name = "futures-core"
version = "0.3.32"
source = "registry+https://github.com/rust-lang/crates.io-index"
checksum = "7e3450815272ef58cec6d564423f6e755e25379b217b0bc688e295ba24df6b1d"

[[package]]
name = "futures-executor"
version = "0.3.32"
source = "registry+https://github.com/rust-lang/crates.io-index"
checksum = "baf29c38818342a3b26b5b923639e7b1f4a61fc5e76102d4b1981c6dc7a7579d"
dependencies = [
 "futures-core",
 "futures-task",
 "futures-util",
]

[[package]]
name = "futures-io"
version = "0.3.32"
source = "registry+https://github.com/rust-lang/crates.io-index"
checksum = "cecba35d7ad927e23624b22ad55235f2239cfa44fd10428eecbeba6d6a717718"

[[package]]
name = "futures-macro"
version = "0.3.32"
source = "registry+https://github.com/rust-lang/crates.io-index"
checksum = "e835b70203e41293343137df5c0664546da5745f82ec9b84d40be8336958447b"
dependencies = [
 "proc-macro2",
 "quote",
 "syn",
]

[[package]]
name = "futures-sink"
version = "0.3.32"
source = "registry+https://github.com/rust-lang/crates.io-index"
checksum = "c39754e157331b013978ec91992bde1ac089843443c49cbc7f46150b0fad0893"

[[package]]
name = "futures-task"
version = "0.3.32"
source = "registry+https://github.com/rust-lang/crates.io-index"
checksum = "037711b3d59c33004d3856fbdc83b99d4ff37a24768fa1be9ce3538a1cde4393"

[[package]]
name = "futures-util"
version = "0.3.32"
source = "registry+https://github.com/rust-lang/crates.io-index"
checksum = "389ca41296e6190b48053de0321d02a77f32f8a5d2461dd38762c0593805c6d6"
dependencies = [
 "futures-channel",
 "futures-core",
 "futures-io",
 "futures-macro",
 "futures-sink",
 "futures-task",
 "memchr",
 "pin-project-lite",
 "slab",
]

[[package]]
name = "fuzzy-matcher"
version = "0.3.7"
source = "registry+https://github.com/rust-lang/crates.io-index"
checksum = "54614a3312934d066701a80f20f15fa3b56d67ac7722b39eea5b4c9dd1d66c94"
dependencies = [
 "thread_local",
]

[[package]]
name = "hashbrown"
version = "0.17.1"
source = "registry+https://github.com/rust-lang/crates.io-index"
checksum = "ed5909b6e89a2db4456e54cd5f673791d7eca6732202bbf2a9cc504fe2f9b84a"

[[package]]
name = "heck"
version = "0.5.0"
source = "registry+https://github.com/rust-lang/crates.io-index"
checksum = "2304e00983f87ffb38b55b444b5e3b60a884b5d30c0fca7d82fe33449bbe55ea"

[[package]]
name = "indexmap"
version = "2.14.0"
source = "registry+https://github.com/rust-lang/crates.io-index"
checksum = "d466e9454f08e4a911e14806c24e16fba1b4c121d1ea474396f396069cf949d9"
dependencies = [
 "equivalent",
 "hashbrown",
]

[[package]]
name = "is_terminal_polyfill"
version = "1.70.2"
source = "registry+https://github.com/rust-lang/crates.io-index"
checksum = "a6cb138bb79a146c1bd460005623e142ef0181e3d0219cb493e02f7d08a35695"

[[package]]
name = "itoa"
version = "1.0.18"
source = "registry+https://github.com/rust-lang/crates.io-index"
checksum = "8f42a60cbdf9a97f5d2305f08a87dc4e09308d1276d28c869c684d7777685682"

[[package]]
name = "libc"
version = "0.2.186"
source = "registry+https://github.com/rust-lang/crates.io-index"
checksum = "68ab91017fe16c622486840e4c83c9a37afeff978bd239b5293d61ece587de66"

[[package]]
name = "libloading"
version = "0.9.0"
source = "registry+https://github.com/rust-lang/crates.io-index"
checksum = "754ca22de805bb5744484a5b151a9e1a8e837d5dc232c2d7d8c2e3492edc8b60"
dependencies = [
 "cfg-if",
 "windows-link",
]

[[package]]
name = "memchr"
version = "2.8.1"
source = "registry+https://github.com/rust-lang/crates.io-index"
checksum = "6b947ae49db0d222b1dbc6b113ce7248a3fc3a6ca21b696717bfc000ba4484d8"

[[package]]
name = "napi"
version = "3.9.0"
source = "registry+https://github.com/rust-lang/crates.io-index"
checksum = "f1d395473824516f38dd1071a1a37bc57daa7be65b293ebba4ead5f7abb017a2"
dependencies = [
 "bitflags",
 "ctor",
 "futures",
 "napi-build",
 "napi-sys",
 "nohash-hasher",
 "rustc-hash",
]

[[package]]
name = "napi-build"
version = "2.3.2"
source = "registry+https://github.com/rust-lang/crates.io-index"
checksum = "c9c366d2c8c60b86fa632df75f745509b52f9128f91a6bad4c796e44abb505e1"

[[package]]
name = "napi-derive"
version = "3.5.6"
source = "registry+https://github.com/rust-lang/crates.io-index"
checksum = "89b3f766e04667e6da0e181e2da4f85475d5a6513b7cf6a80bea184e224a5b42"
dependencies = [
 "convert_case",
 "ctor",
 "napi-derive-backend",
 "proc-macro2",
 "quote",
 "syn",
]

[[package]]
name = "napi-derive-backend"
version = "5.0.4"
source = "registry+https://github.com/rust-lang/crates.io-index"
checksum = "0d5af30503edf933ce7377cf6d4c877a62b0f1107ea05585f1b5e430e88d5baf"
dependencies = [
 "convert_case",
 "proc-macro2",
 "quote",
 "semver",
 "syn",
]

[[package]]
name = "napi-sys"
version = "3.2.1"
source = "registry+https://github.com/rust-lang/crates.io-index"
checksum = "8eb602b84d7c1edae45e50bbf1374696548f36ae179dfa667f577e384bb90c2b"
dependencies = [
 "libloading",
]

[[package]]
name = "nohash-hasher"
version = "0.2.0"
source = "registry+https://github.com/rust-lang/crates.io-index"
checksum = "2bf50223579dc7cdcfb3bfcacf7069ff68243f8c363f62ffa99cf000a6b9c451"

[[package]]
name = "once_cell"
version = "1.21.4"
source = "registry+https://github.com/rust-lang/crates.io-index"
checksum = "9f7c3e4beb33f85d45ae3e3a1792185706c8e16d043238c593331cc7cd313b50"

[[package]]
name = "once_cell_polyfill"
version = "1.70.2"
source = "registry+https://github.com/rust-lang/crates.io-index"
checksum = "384b8ab6d37215f3c5301a95a4accb5d64aa607f1fcb26a11b5303878451b4fe"

[[package]]
name = "pin-project-lite"
version = "0.2.17"
source = "registry+https://github.com/rust-lang/crates.io-index"
checksum = "a89322df9ebe1c1578d689c92318e070967d1042b512afbe49518723f4e6d5cd"

[[package]]
name = "proc-macro2"
version = "1.0.106"
source = "registry+https://github.com/rust-lang/crates.io-index"
checksum = "8fd00f0bb2e90d81d1044c2b32617f68fcb9fa3bb7640c23e9c748e53fb30934"
dependencies = [
 "unicode-ident",
]

[[package]]
name = "quote"
version = "1.0.45"
source = "registry+https://github.com/rust-lang/crates.io-index"
checksum = "41f2619966050689382d2b44f664f4bc593e129785a36d6ee376ddf37259b924"
dependencies = [
 "proc-macro2",
]

[[package]]
name = "rustc-hash"
version = "2.1.2"
source = "registry+https://github.com/rust-lang/crates.io-index"
checksum = "94300abf3f1ae2e2b8ffb7b58043de3d399c73fa6f4b73826402a5c457614dbe"

[[package]]
name = "semver"
version = "1.0.28"
source = "registry+https://github.com/rust-lang/crates.io-index"
checksum = "8a7852d02fc848982e0c167ef163aaff9cd91dc640ba85e263cb1ce46fae51cd"

[[package]]
name = "serde"
version = "1.0.228"
source = "registry+https://github.com/rust-lang/crates.io-index"
checksum = "9a8e94ea7f378bd32cbbd37198a4a91436180c5bb472411e48b5ec2e2124ae9e"
dependencies = [
 "serde_core",
 "serde_derive",
]

[[package]]
name = "serde_core"
version = "1.0.228"
source = "registry+https://github.com/rust-lang/crates.io-index"
checksum = "41d385c7d4ca58e59fc732af25c3983b67ac852c1a25000afe1175de458b67ad"
dependencies = [
 "serde_derive",
]

[[package]]
name = "serde_derive"
version = "1.0.228"
source = "registry+https://github.com/rust-lang/crates.io-index"
checksum = "d540f220d3187173da220f885ab66608367b6574e925011a9353e4badda91d79"
dependencies = [
 "proc-macro2",
 "quote",
 "syn",
]

[[package]]
name = "serde_json"
version = "1.0.150"
source = "registry+https://github.com/rust-lang/crates.io-index"
checksum = "e8014e44b4736ed0538adeecded0fce2a272f22dc9578a7eb6b2d9993c74cfb9"
dependencies = [
 "itoa",
 "memchr",
 "serde",
 "serde_core",
 "zmij",
]

[[package]]
name = "serde_spanned"
version = "0.6.9"
source = "registry+https://github.com/rust-lang/crates.io-index"
checksum = "bf41e0cfaf7226dca15e8197172c295a782857fcb97fad1808a166870dee75a3"
dependencies = [
 "serde",
]

[[package]]
name = "shell-words"
version = "1.1.1"
source = "registry+https://github.com/rust-lang/crates.io-index"
checksum = "dc6fe69c597f9c37bfeeeeeb33da3530379845f10be461a66d16d03eca2ded77"

[[package]]
name = "slab"
version = "0.4.12"
source = "registry+https://github.com/rust-lang/crates.io-index"
checksum = "0c790de23124f9ab44544d7ac05d60440adc586479ce501c1d6d7da3cd8c9cf5"

[[package]]
name = "strsim"
version = "0.11.1"
source = "registry+https://github.com/rust-lang/crates.io-index"
checksum = "7da8b5736845d9f2fcb837ea5d9e2628564b3b043a70948a3f0b778838c5fb4f"

[[package]]
name = "sweetpad"
version = "0.1.0"
dependencies = [
 "clap",
 "clap_complete",
 "dialoguer",
 "libc",
 "napi",
 "napi-build",
 "napi-derive",
 "serde",
 "serde_json",
 "toml",
 "unicode-normalization",
]

[[package]]
name = "syn"
version = "2.0.117"
source = "registry+https://github.com/rust-lang/crates.io-index"
checksum = "e665b8803e7b1d2a727f4023456bbbbe74da67099c585258af0ad9c5013b9b99"
dependencies = [
 "proc-macro2",
 "quote",
 "unicode-ident",
]

[[package]]
name = "thiserror"
version = "1.0.69"
source = "registry+https://github.com/rust-lang/crates.io-index"
checksum = "b6aaf5339b578ea85b50e080feb250a3e8ae8cfcdff9a461c9ec2904bc923f52"
dependencies = [
 "thiserror-impl",
]

[[package]]
name = "thiserror-impl"
version = "1.0.69"
source = "registry+https://github.com/rust-lang/crates.io-index"
checksum = "4fee6c4efc90059e10f81e6d42c60a18f76588c3d74cb83a0b242a2b6c7504c1"
dependencies = [
 "proc-macro2",
 "quote",
 "syn",
]

[[package]]
name = "thread_local"
version = "1.1.9"
source = "registry+https://github.com/rust-lang/crates.io-index"
checksum = "f60246a4944f24f6e018aa17cdeffb7818b76356965d03b07d6a9886e8962185"
dependencies = [
 "cfg-if",
]

[[package]]
name = "tinyvec"
version = "1.11.0"
source = "registry+https://github.com/rust-lang/crates.io-index"
checksum = "3e61e67053d25a4e82c844e8424039d9745781b3fc4f32b8d55ed50f5f667ef3"
dependencies = [
 "tinyvec_macros",
]

[[package]]
name = "tinyvec_macros"
version = "0.1.1"
source = "registry+https://github.com/rust-lang/crates.io-index"
checksum = "1f3ccbac311fea05f86f61904b462b55fb3df8837a366dfc601a0161d0532f20"

[[package]]
name = "toml"
version = "0.8.23"
source = "registry+https://github.com/rust-lang/crates.io-index"
checksum = "dc1beb996b9d83529a9e75c17a1686767d148d70663143c7854d8b4a09ced362"
dependencies = [
 "serde",
 "serde_spanned",
 "toml_datetime",
 "toml_edit",
]

[[package]]
name = "toml_datetime"
version = "0.6.11"
source = "registry+https://github.com/rust-lang/crates.io-index"
checksum = "22cddaf88f4fbc13c51aebbf5f8eceb5c7c5a9da2ac40a13519eb5b0a0e8f11c"
dependencies = [
 "serde",
]

[[package]]
name = "toml_edit"
version = "0.22.27"
source = "registry+https://github.com/rust-lang/crates.io-index"
checksum = "41fe8c660ae4257887cf66394862d21dbca4a6ddd26f04a3560410406a2f819a"
dependencies = [
 "indexmap",
 "serde",
 "serde_spanned",
 "toml_datetime",
 "toml_write",
 "winnow",
]

[[package]]
name = "toml_write"
version = "0.1.2"
source = "registry+https://github.com/rust-lang/crates.io-index"
checksum = "5d99f8c9a7727884afe522e9bd5edbfc91a3312b36a77b5fb8926e4c31a41801"

[[package]]
name = "unicode-ident"
version = "1.0.24"
source = "registry+https://github.com/rust-lang/crates.io-index"
checksum = "e6e4313cd5fcd3dad5cafa179702e2b244f760991f45397d14d4ebf38247da75"

[[package]]
name = "unicode-normalization"
version = "0.1.25"
source = "registry+https://github.com/rust-lang/crates.io-index"
checksum = "5fd4f6878c9cb28d874b009da9e8d183b5abc80117c40bbd187a1fde336be6e8"
dependencies = [
 "tinyvec",
]

[[package]]
name = "unicode-segmentation"
version = "1.13.2"
source = "registry+https://github.com/rust-lang/crates.io-index"
checksum = "9629274872b2bfaf8d66f5f15725007f635594914870f65218920345aa11aa8c"

[[package]]
name = "unicode-width"
version = "0.2.2"
source = "registry+https://github.com/rust-lang/crates.io-index"
checksum = "b4ac048d71ede7ee76d585517add45da530660ef4390e49b098733c6e897f254"

[[package]]
name = "utf8parse"
version = "0.2.2"
source = "registry+https://github.com/rust-lang/crates.io-index"
checksum = "06abde3611657adf66d383f00b093d7faecc7fa57071cce2578660c9f1010821"

[[package]]
name = "windows-link"
version = "0.2.1"
source = "registry+https://github.com/rust-lang/crates.io-index"
checksum = "f0805222e57f7521d6a62e36fa9163bc891acd422f971defe97d64e70d0a4fe5"

[[package]]
name = "windows-sys"
version = "0.59.0"
source = "registry+https://github.com/rust-lang/crates.io-index"
checksum = "1e38bc4d79ed67fd075bcc251a1c39b32a1776bbe92e5bef1f0bf1f8c531853b"
dependencies = [
 "windows-targets",
]

[[package]]
name = "windows-sys"
version = "0.61.2"
source = "registry+https://github.com/rust-lang/crates.io-index"
checksum = "ae137229bcbd6cdf0f7b80a31df61766145077ddf49416a728b02cb3921ff3fc"
dependencies = [
 "windows-link",
]

[[package]]
name = "windows-targets"
version = "0.52.6"
source = "registry+https://github.com/rust-lang/crates.io-index"
checksum = "9b724f72796e036ab90c1021d4780d4d3d648aca59e491e6b98e725b84e99973"
dependencies = [
 "windows_aarch64_gnullvm",
 "windows_aarch64_msvc",
 "windows_i686_gnu",
 "windows_i686_gnullvm",
 "windows_i686_msvc",
 "windows_x86_64_gnu",
 "windows_x86_64_gnullvm",
 "windows_x86_64_msvc",
]

[[package]]
name = "windows_aarch64_gnullvm"
version = "0.52.6"
source = "registry+https://github.com/rust-lang/crates.io-index"
checksum = "32a4622180e7a0ec044bb555404c800bc9fd9ec262ec147edd5989ccd0c02cd3"

[[package]]
name = "windows_aarch64_msvc"
version = "0.52.6"
source = "registry+https://github.com/rust-lang/crates.io-index"
checksum = "09ec2a7bb152e2252b53fa7803150007879548bc709c039df7627cabbd05d469"

[[package]]
name = "windows_i686_gnu"
version = "0.52.6"
source = "registry+https://github.com/rust-lang/crates.io-index"
checksum = "8e9b5ad5ab802e97eb8e295ac6720e509ee4c243f69d781394014ebfe8bbfa0b"

[[package]]
name = "windows_i686_gnullvm"
version = "0.52.6"
source = "registry+https://github.com/rust-lang/crates.io-index"
checksum = "0eee52d38c090b3caa76c563b86c3a4bd71ef1a819287c19d586d7334ae8ed66"

[[package]]
name = "windows_i686_msvc"
version = "0.52.6"
source = "registry+https://github.com/rust-lang/crates.io-index"
checksum = "240948bc05c5e7c6dabba28bf89d89ffce3e303022809e73deaefe4f6ec56c66"

[[package]]
name = "windows_x86_64_gnu"
version = "0.52.6"
source = "registry+https://github.com/rust-lang/crates.io-index"
checksum = "147a5c80aabfbf0c7d901cb5895d1de30ef2907eb21fbbab29ca94c5b08b1a78"

[[package]]
name = "windows_x86_64_gnullvm"
version = "0.52.6"
source = "registry+https://github.com/rust-lang/crates.io-index"
checksum = "24d5b23dc417412679681396f2b49f3de8c1473deb516bd34410872eff51ed0d"

[[package]]
name = "windows_x86_64_msvc"
version = "0.52.6"
source = "registry+https://github.com/rust-lang/crates.io-index"
checksum = "589f6da84c646204747d1270a2a5661ea66ed1cced2631d546fdfb155959f9ec"

[[package]]
name = "winnow"
version = "0.7.15"
source = "registry+https://github.com/rust-lang/crates.io-index"
checksum = "df79d97927682d2fd8adb29682d1140b343be4ac0f08fd68b7765d9c059d3945"
dependencies = [
 "memchr",
]

[[package]]
name = "zmij"
version = "1.0.21"
source = "registry+https://github.com/rust-lang/crates.io-index"
checksum = "b8848ee67ecc8aedbaf3e4122217aff892639231befc6a1b58d29fff4c2cabaa"
