// !$*UTF8*$!
{
	archiveVersion = 1;
	classes = {
	};
	objectVersion = 77;
	objects = {

/* Begin PBXBuildFile section */
		0EC67C338694A45259451DEE /* Shared.swift in Sources */ = {isa = PBXBuildFile; fileRef = 7D6CD9D1B109D58BBA312271 /* Shared.swift */; };
		1855526C4ED64A19DEC594F7 /* Shared.swift in Sources */ = {isa = PBXBuildFile; fileRef = 7D6CD9D1B109D58BBA312271 /* Shared.swift */; };
		511FBD9C726F4AE87A1E9437 /* PhoneDatabase.swift in Sources */ = {isa = PBXBuildFile; fileRef = FC058AF2C0F203C0FBD5C5B9 /* PhoneDatabase.swift */; };
		5F12EC2EE2C289B0D14C2505 /* WatchApp.app in Embed Watch Content */ = {isa = PBXBuildFile; fileRef = A71CFA504052633A8AA323B6 /* WatchApp.app */; settings = {ATTRIBUTES = (RemoveHeadersOnCopy, ); }; };
		AA084C0A7BB4C463C9A7F207 /* PhoneApp.swift in Sources */ = {isa = PBXBuildFile; fileRef = 7C17B8FADFB1C92D5069B904 /* PhoneApp.swift */; };
		C202714A0ECA832C2C01A439 /* WatchMain.swift in Sources */ = {isa = PBXBuildFile; fileRef = 390E001D736148D7BC628773 /* WatchMain.swift */; };
/* End PBXBuildFile section */

/* Begin PBXContainerItemProxy section */
		CD027E132E8B591EFC1365D5 /* PBXContainerItemProxy */ = {
			isa = PBXContainerItemProxy;
			containerPortal = 77E277B26318D0DE76B75A42 /* Project object */;
			proxyType = 1;
			remoteGlobalIDString = 48903DCD7EFF820E82E21B7F;
			remoteInfo = WatchApp;
		};
/* End PBXContainerItemProxy section */

/* Begin PBXCopyFilesBuildPhase section */
		16BD0399BAD2592ED4FE0FA7 /* Embed Watch Content */ = {
			isa = PBXCopyFilesBuildPhase;
			buildActionMask = 2147483647;
			dstPath = "$(CONTENTS_FOLDER_PATH)/Watch";
			dstSubfolderSpec = 16;
			files = (
				5F12EC2EE2C289B0D14C2505 /* WatchApp.app in Embed Watch Content */,
			);
			name = "Embed Watch Content";
			runOnlyForDeploymentPostprocessing = 0;
		};
/* End PBXCopyFilesBuildPhase section */

/* Begin PBXFileReference section */
		390E001D736148D7BC628773 /* WatchMain.swift */ = {isa = PBXFileReference; lastKnownFileType = sourcecode.swift; path = WatchMain.swift; sourceTree = "<group>"; };
		7C17B8FADFB1C92D5069B904 /* PhoneApp.swift */ = {isa = PBXFileReference; lastKnownFileType = sourcecode.swift; path = PhoneApp.swift; sourceTree = "<group>"; };
		7D6CD9D1B109D58BBA312271 /* Shared.swift */ = {isa = PBXFileReference; lastKnownFileType = sourcecode.swift; path = Shared.swift; sourceTree = "<group>"; };
		A71CFA504052633A8AA323B6 /* WatchApp.app */ = {isa = PBXFileReference; explicitFileType = wrapper.application; includeInIndex = 0; path = WatchApp.app; sourceTree = BUILT_PRODUCTS_DIR; };
		BF51746430365EA75B739498 /* iOSApp.app */ = {isa = PBXFileReference; includeInIndex = 0; lastKnownFileType = wrapper.application; path = iOSApp.app; sourceTree = BUILT_PRODUCTS_DIR; };
		FC058AF2C0F203C0FBD5C5B9 /* PhoneDatabase.swift */ = {isa = PBXFileReference; lastKnownFileType = sourcecode.swift; path = PhoneDatabase.swift; sourceTree = "<group>"; };
/* End PBXFileReference section */

/* Begin PBXGroup section */
		2AE0BC42068574D8D7A8B89A /* Products */ = {
			isa = PBXGroup;
			children = (
				BF51746430365EA75B739498 /* iOSApp.app */,
				A71CFA504052633A8AA323B6 /* WatchApp.app */,
			);
			name = Products;
			sourceTree = "<group>";
		};
		56BA1CF7BCAB978401A69BBF = {
			isa = PBXGroup;
			children = (
				57ADF897BDF42B60FA69454F /* Phone */,
				CEBFC3FEA6F4BE8F5C29F668 /* Shared */,
				8423F15E4BC44A15ED332CBA /* Watch */,
				2AE0BC42068574D8D7A8B89A /* Products */,
			);
			sourceTree = "<group>";
		};
		57ADF897BDF42B60FA69454F /* Phone */ = {
			isa = PBXGroup;
			children = (
				7C17B8FADFB1C92D5069B904 /* PhoneApp.swift */,
				FC058AF2C0F203C0FBD5C5B9 /* PhoneDatabase.swift */,
			);
			path = Phone;
			sourceTree = "<group>";
		};
		8423F15E4BC44A15ED332CBA /* Watch */ = {
			isa = PBXGroup;
			children = (
				390E001D736148D7BC628773 /* WatchMain.swift */,
			);
			path = Watch;
			sourceTree = "<group>";
		};
		CEBFC3FEA6F4BE8F5C29F668 /* Shared */ = {
			isa = PBXGroup;
			children = (
				7D6CD9D1B109D58BBA312271 /* Shared.swift */,
			);
			path = Shared;
			sourceTree = "<group>";
		};
/* End PBXGroup section */

/* Begin PBXNativeTarget section */
		35C8D00671E601A16109132C /* iOSApp */ = {
			isa = PBXNativeTarget;
			buildConfigurationList = 6C8B19CC3A380EDED37ACED2 /* Build configuration list for PBXNativeTarget "iOSApp" */;
			buildPhases = (
				DFDBABBEE0908AD6563A1377 /* Sources */,
				16BD0399BAD2592ED4FE0FA7 /* Embed Watch Content */,
			);
			buildRules = (
			);
			dependencies = (
				A7D146BF17A0062AF4E2FD5F /* PBXTargetDependency */,
			);
			name = iOSApp;
			packageProductDependencies = (
			);
			productName = iOSApp;
			productReference = BF51746430365EA75B739498 /* iOSApp.app */;
			productType = "com.apple.product-type.application";
		};
		48903DCD7EFF820E82E21B7F /* WatchApp */ = {
			isa = PBXNativeTarget;
			buildConfigurationList = 3946E7773DC2FD772C6FE070 /* Build configuration list for PBXNativeTarget "WatchApp" */;
			buildPhases = (
				F13EF8905A7C7FCC47EBB8DE /* Sources */,
			);
			buildRules = (
			);
			dependencies = (
			);
			name = WatchApp;
			packageProductDependencies = (
			);
			productName = WatchApp;
			productReference = A71CFA504052633A8AA323B6 /* WatchApp.app */;
			productType = "com.apple.product-type.application";
		};
/* End PBXNativeTarget section */

/* Begin PBXProject section */
		77E277B26318D0DE76B75A42 /* Project object */ = {
			isa = PBXProject;
			attributes = {
				BuildIndependentTargetsInParallel = YES;
				LastUpgradeCheck = 1430;
				TargetAttributes = {
				};
			};
			buildConfigurationList = FF564F63C94E6FE423197714 /* Build configuration list for PBXProject "SharedSources" */;
			developmentRegion = en;
			hasScannedForEncodings = 0;
			knownRegions = (
				Base,
				en,
			);
			mainGroup = 56BA1CF7BCAB978401A69BBF;
			minimizedProjectReferenceProxies = 1;
			preferredProjectObjectVersion = 77;
			productRefGroup = 2AE0BC42068574D8D7A8B89A /* Products */;
			projectDirPath = "";
			projectRoot = "";
			targets = (
				35C8D00671E601A16109132C /* iOSApp */,
				48903DCD7EFF820E82E21B7F /* WatchApp */,
			);
		};
/* End PBXProject section */

/* Begin PBXSourcesBuildPhase section */
		DFDBABBEE0908AD6563A1377 /* Sources */ = {
			isa = PBXSourcesBuildPhase;
			buildActionMask = 2147483647;
			files = (
				AA084C0A7BB4C463C9A7F207 /* PhoneApp.swift in Sources */,
				511FBD9C726F4AE87A1E9437 /* PhoneDatabase.swift in Sources */,
				0EC67C338694A45259451DEE /* Shared.swift in Sources */,
			);
			runOnlyForDeploymentPostprocessing = 0;
		};
		F13EF8905A7C7FCC47EBB8DE /* Sources */ = {
			isa = PBXSourcesBuildPhase;
			buildActionMask = 2147483647;
			files = (
				1855526C4ED64A19DEC594F7 /* Shared.swift in Sources */,
				C202714A0ECA832C2C01A439 /* WatchMain.swift in Sources */,
			);
			runOnlyForDeploymentPostprocessing = 0;
		};
/* End PBXSourcesBuildPhase section */

/* Begin PBXTargetDependency section */
		A7D146BF17A0062AF4E2FD5F /* PBXTargetDependency */ = {
			isa = PBXTargetDependency;
			target = 48903DCD7EFF820E82E21B7F /* WatchApp */;
			targetProxy = CD027E132E8B591EFC1365D5 /* PBXContainerItemProxy */;
		};
/* End PBXTargetDependency section */

/* Begin XCBuildConfiguration section */
		0FB079DEBA181154FFCEC171 /* Release */ = {
			isa = XCBuildConfiguration;
			buildSettings = {
				ALWAYS_SEARCH_USER_PATHS = NO;
				CLANG_ANALYZER_NONNULL = YES;
				CLANG_ANALYZER_NUMBER_OBJECT_CONVERSION = YES_AGGRESSIVE;
				CLANG_CXX_LANGUAGE_STANDARD = "gnu++14";
				CLANG_CXX_LIBRARY = "libc++";
				CLANG_ENABLE_MODULES = YES;
				CLANG_ENABLE_OBJC_ARC = YES;
				CLANG_ENABLE_OBJC_WEAK = YES;
				CLANG_WARN_BLOCK_CAPTURE_AUTORELEASING = YES;
				CLANG_WARN_BOOL_CONVERSION = YES;
				CLANG_WARN_COMMA = YES;
				CLANG_WARN_CONSTANT_CONVERSION = YES;
				CLANG_WARN_DEPRECATED_OBJC_IMPLEMENTATIONS = YES;
				CLANG_WARN_DIRECT_OBJC_ISA_USAGE = YES_ERROR;
				CLANG_WARN_DOCUMENTATION_COMMENTS = YES;
				CLANG_WARN_EMPTY_BODY = YES;
				CLANG_WARN_ENUM_CONVERSION = YES;
				CLANG_WARN_INFINITE_RECURSION = YES;
				CLANG_WARN_INT_CONVERSION = YES;
				CLANG_WARN_NON_LITERAL_NULL_CONVERSION = YES;
				CLANG_WARN_OBJC_IMPLICIT_RETAIN_SELF = YES;
				CLANG_WARN_OBJC_LITERAL_CONVERSION = YES;
				CLANG_WARN_OBJC_ROOT_CLASS = YES_ERROR;
				CLANG_WARN_QUOTED_INCLUDE_IN_FRAMEWORK_HEADER = YES;
				CLANG_WARN_RANGE_LOOP_ANALYSIS = YES;
				CLANG_WARN_STRICT_PROTOTYPES = YES;
				CLANG_WARN_SUSPICIOUS_MOVE = YES;
				CLANG_WARN_UNGUARDED_AVAILABILITY = YES_AGGRESSIVE;
				CLANG_WARN_UNREACHABLE_CODE = YES;
				CLANG_WARN__DUPLICATE_METHOD_MATCH = YES;
				COPY_PHASE_STRIP = NO;
				DEBUG_INFORMATION_FORMAT = "dwarf-with-dsym";
				ENABLE_NS_ASSERTIONS = NO;
				ENABLE_STRICT_OBJC_MSGSEND = YES;
				GCC_C_LANGUAGE_STANDARD = gnu11;
				GCC_NO_COMMON_BLOCKS = YES;
				GCC_WARN_64_TO_32_BIT_CONVERSION = YES;
				GCC_WARN_ABOUT_RETURN_TYPE = YES_ERROR;
				GCC_WARN_UNDECLARED_SELECTOR = YES;
				GCC_WARN_UNINITIALIZED_AUTOS = YES_AGGRESSIVE;
				GCC_WARN_UNUSED_FUNCTION = YES;
				GCC_WARN_UNUSED_VARIABLE = YES;
				IPHONEOS_DEPLOYMENT_TARGET = 17.0;
				MTL_ENABLE_DEBUG_INFO = NO;
				MTL_FAST_MATH = YES;
				PRODUCT_NAME = "$(TARGET_NAME)";
				SWIFT_COMPILATION_MODE = wholemodule;
				SWIFT_OPTIMIZATION_LEVEL = "-O";
				SWIFT_VERSION = 5.0;
				WATCHOS_DEPLOYMENT_TARGET = 10.0;
			};
			name = Release;
		};
		73DD8C7C7903753DABCEAAB4 /* Debug */ = {
			isa = XCBuildConfiguration;
			buildSettings = {
				ASSETCATALOG_COMPILER_APPICON_NAME = AppIcon;
				CODE_SIGNING_ALLOWED = NO;
				GENERATE_INFOPLIST_FILE = YES;
				INFOPLIST_KEY_WKApplication = YES;
				PRODUCT_BUNDLE_IDENTIFIER = dev.sweetpad.fixture.WatchApp;
				SDKROOT = watchos;
				SKIP_INSTALL = YES;
				SWIFT_VERSION = 6.0;
				TARGETED_DEVICE_FAMILY = 4;
			};
			name = Debug;
		};
		909905F14F1B0BFFD552B924 /* Debug */ = {
			isa = XCBuildConfiguration;
			buildSettings = {
				ALWAYS_SEARCH_USER_PATHS = NO;
				CLANG_ANALYZER_NONNULL = YES;
				CLANG_ANALYZER_NUMBER_OBJECT_CONVERSION = YES_AGGRESSIVE;
				CLANG_CXX_LANGUAGE_STANDARD = "gnu++14";
				CLANG_CXX_LIBRARY = "libc++";
				CLANG_ENABLE_MODULES = YES;
				CLANG_ENABLE_OBJC_ARC = YES;
				CLANG_ENABLE_OBJC_WEAK = YES;
				CLANG_WARN_BLOCK_CAPTURE_AUTORELEASING = YES;
				CLANG_WARN_BOOL_CONVERSION = YES;
				CLANG_WARN_COMMA = YES;
				CLANG_WARN_CONSTANT_CONVERSION = YES;
				CLANG_WARN_DEPRECATED_OBJC_IMPLEMENTATIONS = YES;
				CLANG_WARN_DIRECT_OBJC_ISA_USAGE = YES_ERROR;
				CLANG_WARN_DOCUMENTATION_COMMENTS = YES;
				CLANG_WARN_EMPTY_BODY = YES;
				CLANG_WARN_ENUM_CONVERSION = YES;
				CLANG_WARN_INFINITE_RECURSION = YES;
				CLANG_WARN_INT_CONVERSION = YES;
				CLANG_WARN_NON_LITERAL_NULL_CONVERSION = YES;
				CLANG_WARN_OBJC_IMPLICIT_RETAIN_SELF = YES;
				CLANG_WARN_OBJC_LITERAL_CONVERSION = YES;
				CLANG_WARN_OBJC_ROOT_CLASS = YES_ERROR;
				CLANG_WARN_QUOTED_INCLUDE_IN_FRAMEWORK_HEADER = YES;
				CLANG_WARN_RANGE_LOOP_ANALYSIS = YES;
				CLANG_WARN_STRICT_PROTOTYPES = YES;
				CLANG_WARN_SUSPICIOUS_MOVE = YES;
				CLANG_WARN_UNGUARDED_AVAILABILITY = YES_AGGRESSIVE;
				CLANG_WARN_UNREACHABLE_CODE = YES;
				CLANG_WARN__DUPLICATE_METHOD_MATCH = YES;
				COPY_PHASE_STRIP = NO;
				DEBUG_INFORMATION_FORMAT = dwarf;
				ENABLE_STRICT_OBJC_MSGSEND = YES;
				ENABLE_TESTABILITY = YES;
				GCC_C_LANGUAGE_STANDARD = gnu11;
				GCC_DYNAMIC_NO_PIC = NO;
				GCC_NO_COMMON_BLOCKS = YES;
				GCC_OPTIMIZATION_LEVEL = 0;
				GCC_PREPROCESSOR_DEFINITIONS = (
					"$(inherited)",
					"DEBUG=1",
				);
				GCC_WARN_64_TO_32_BIT_CONVERSION = YES;
				GCC_WARN_ABOUT_RETURN_TYPE = YES_ERROR;
				GCC_WARN_UNDECLARED_SELECTOR = YES;
				GCC_WARN_UNINITIALIZED_AUTOS = YES_AGGRESSIVE;
				GCC_WARN_UNUSED_FUNCTION = YES;
				GCC_WARN_UNUSED_VARIABLE = YES;
				IPHONEOS_DEPLOYMENT_TARGET = 17.0;
				MTL_ENABLE_DEBUG_INFO = INCLUDE_SOURCE;
				MTL_FAST_MATH = YES;
				ONLY_ACTIVE_ARCH = YES;
				PRODUCT_NAME = "$(TARGET_NAME)";
				SWIFT_ACTIVE_COMPILATION_CONDITIONS = DEBUG;
				SWIFT_OPTIMIZATION_LEVEL = "-Onone";
				SWIFT_VERSION = 5.0;
				WATCHOS_DEPLOYMENT_TARGET = 10.0;
			};
			name = Debug;
		};
		A89FAF46D3D52D2207C211D0 /* Release */ = {
			isa = XCBuildConfiguration;
			buildSettings = {
				ASSETCATALOG_COMPILER_APPICON_NAME = AppIcon;
				CODE_SIGNING_ALLOWED = NO;
				CODE_SIGN_IDENTITY = "iPhone Developer";
				GENERATE_INFOPLIST_FILE = YES;
				LD_RUNPATH_SEARCH_PATHS = (
					"$(inherited)",
					"@executable_path/Frameworks",
				);
				PRODUCT_BUNDLE_IDENTIFIER = dev.sweetpad.fixture.iOSApp;
				SDKROOT = iphoneos;
				SWIFT_VERSION = 6.0;
				TARGETED_DEVICE_FAMILY = "1,2";
			};
			name = Release;
		};
		C90549A17FA65E875C6B9373 /* Debug */ = {
			isa = XCBuildConfiguration;
			buildSettings = {
				ASSETCATALOG_COMPILER_APPICON_NAME = AppIcon;
				CODE_SIGNING_ALLOWED = NO;
				CODE_SIGN_IDENTITY = "iPhone Developer";
				GENERATE_INFOPLIST_FILE = YES;
				LD_RUNPATH_SEARCH_PATHS = (
					"$(inherited)",
					"@executable_path/Frameworks",
				);
				PRODUCT_BUNDLE_IDENTIFIER = dev.sweetpad.fixture.iOSApp;
				SDKROOT = iphoneos;
				SWIFT_VERSION = 6.0;
				TARGETED_DEVICE_FAMILY = "1,2";
			};
			name = Debug;
		};
		F759EEB495E2DD5FD6B6193C /* Release */ = {
			isa = XCBuildConfiguration;
			buildSettings = {
				ASSETCATALOG_COMPILER_APPICON_NAME = AppIcon;
				CODE_SIGNING_ALLOWED = NO;
				GENERATE_INFOPLIST_FILE = YES;
				INFOPLIST_KEY_WKApplication = YES;
				PRODUCT_BUNDLE_IDENTIFIER = dev.sweetpad.fixture.WatchApp;
				SDKROOT = watchos;
				SKIP_INSTALL = YES;
				SWIFT_VERSION = 6.0;
				TARGETED_DEVICE_FAMILY = 4;
			};
			name = Release;
		};
/* End XCBuildConfiguration section */

/* Begin XCConfigurationList section */
		3946E7773DC2FD772C6FE070 /* Build configuration list for PBXNativeTarget "WatchApp" */ = {
			isa = XCConfigurationList;
			buildConfigurations = (
				73DD8C7C7903753DABCEAAB4 /* Debug */,
				F759EEB495E2DD5FD6B6193C /* Release */,
			);
			defaultConfigurationIsVisible = 0;
			defaultConfigurationName = Debug;
		};
		6C8B19CC3A380EDED37ACED2 /* Build configuration list for PBXNativeTarget "iOSApp" */ = {
			isa = XCConfigurationList;
			buildConfigurations = (
				C90549A17FA65E875C6B9373 /* Debug */,
				A89FAF46D3D52D2207C211D0 /* Release */,
			);
			defaultConfigurationIsVisible = 0;
			defaultConfigurationName = Debug;
		};
		FF564F63C94E6FE423197714 /* Build configuration list for PBXProject "SharedSources" */ = {
			isa = XCConfigurationList;
			buildConfigurations = (
				909905F14F1B0BFFD552B924 /* Debug */,
				0FB079DEBA181154FFCEC171 /* Release */,
			);
			defaultConfigurationIsVisible = 0;
			defaultConfigurationName = Debug;
		};
/* End XCConfigurationList section */
	};
	rootObject = 77E277B26318D0DE76B75A42 /* Project object */;
}
